// !$*UTF8*$!
{
	archiveVersion = 1;
	classes = {
	};
	objectVersion = 46;
	objects = {

/* Begin PBXBuildFile section */
		180262AC1D0FC46500949B15 /* Player.swift in Sources */ = {isa = PBXBuildFile; fileRef = 180262AB1D0FC46500949B15 /* Player.swift */; };
		180262AF1D0FC4A700949B15 /* qian.png in Resources */ = {isa = PBXBuildFile; fileRef = 180262AD1D0FC4A700949B15 /* qian.png */; };
		180262B01D0FC4A700949B15 /* zhujiao.png in Resources */ = {isa = PBXBuildFile; fileRef = 180262AE1D0FC4A700949B15 /* zhujiao.png */; };
		180262B21D0FC8CA00949B15 /* MovementComponent.swift in Sources */ = {isa = PBXBuildFile; fileRef = 180262B11D0FC8CA00949B15 /* MovementComponent.swift */; };
		180262B41D0FDB5900949B15 /* Zombie.swift in Sources */ = {isa = PBXBuildFile; fileRef = 180262B31D0FDB5900949B15 /* Zombie.swift */; };
		180262B71D0FE10100949B15 /* CreateProduct.swift in Sources */ = {isa = PBXBuildFile; fileRef = 180262B61D0FE10100949B15 /* CreateProduct.swift */; };
		180262B91D111D5100949B15 /* MagnetComponent.swift in Sources */ = {isa = PBXBuildFile; fileRef = 180262B81D111D5100949B15 /* MagnetComponent.swift */; };
		180262BB1D1123DD00949B15 /* InvincibleComponent.swift in Sources */ = {isa = PBXBuildFile; fileRef = 180262BA1D1123DD00949B15 /* InvincibleComponent.swift */; };
		180262BD1D1124DF00949B15 /* LargenMinifyComponent.swift in Sources */ = {isa = PBXBuildFile; fileRef = 180262BC1D1124DF00949B15 /* LargenMinifyComponent.swift */; };
		180262BF1D11377A00949B15 /* HaltComponent.swift in Sources */ = {isa = PBXBuildFile; fileRef = 180262BE1D11377A00949B15 /* HaltComponent.swift */; };
		180262C51D11418B00949B15 /* DashComponent.swift in Sources */ = {isa = PBXBuildFile; fileRef = 180262C41D11418B00949B15 /* DashComponent.swift */; };
		180262C71D114BC000949B15 /* BlackCloudComponent;.swift in Sources */ = {isa = PBXBuildFile; fileRef = 180262C61D114BC000949B15 /* BlackCloudComponent;.swift */; };
		180262C91D11847200949B15 /* FenshenComponent.swift in Sources */ = {isa = PBXBuildFile; fileRef = 180262C81D11847200949B15 /* FenshenComponent.swift */; };
		180262CB1D1273C900949B15 /* FenShen.swift in Sources */ = {isa = PBXBuildFile; fileRef = 180262CA1D1273C900949B15 /* FenShen.swift */; };
		180262ED1D12853800949B15 /* boom.png in Resources */ = {isa = PBXBuildFile; fileRef = 180262EC1D12853800949B15 /* boom.png */; };
		180262EF1D1298E100949B15 /* AddResource.swift in Sources */ = {isa = PBXBuildFile; fileRef = 180262EE1D1298E100949B15 /* AddResource.swift */; };
		180262F11D13C77A00949B15 /* AnimationComponent.swift in Sources */ = {isa = PBXBuildFile; fileRef = 180262F01D13C77A00949B15 /* AnimationComponent.swift */; };
		180263041D13FF2500949B15 /* frozenLeft.atlas in Resources */ = {isa = PBXBuildFile; fileRef = 180262FE1D13FF2500949B15 /* frozenLeft.atlas */; };
		180263051D13FF2500949B15 /* frozenRight.atlas in Resources */ = {isa = PBXBuildFile; fileRef = 180262FF1D13FF2500949B15 /* frozenRight.atlas */; };
		1802630A1D1400C100949B15 /* walkLeft.atlas in Resources */ = {isa = PBXBuildFile; fileRef = 180263081D1400C100949B15 /* walkLeft.atlas */; };
		1802630B1D1400C100949B15 /* walkRight.atlas in Resources */ = {isa = PBXBuildFile; fileRef = 180263091D1400C100949B15 /* walkRight.atlas */; };
		18070EF81D3651C300A206DF /* SinglePointHarm.swift in Sources */ = {isa = PBXBuildFile; fileRef = 18070EF71D3651C300A206DF /* SinglePointHarm.swift */; };
		180796D01D2F890C0018CABC /* fangkuai2.png in Resources */ = {isa = PBXBuildFile; fileRef = 180796CF1D2F890C0018CABC /* fangkuai2.png */; };
		180796D41D2F89AE0018CABC /* HarmArea.swift in Sources */ = {isa = PBXBuildFile; fileRef = 180796D31D2F89AE0018CABC /* HarmArea.swift */; };
		180796D61D2F8A5B0018CABC /* HengPaiHarm.swift in Sources */ = {isa = PBXBuildFile; fileRef = 180796D51D2F8A5B0018CABC /* HengPaiHarm.swift */; };
		180796D81D2F999D0018CABC /* HarmObj.swift in Sources */ = {isa = PBXBuildFile; fileRef = 180796D71D2F999D0018CABC /* HarmObj.swift */; };
		180796DA1D2FC5E20018CABC /* SkillSprite.swift in Sources */ = {isa = PBXBuildFile; fileRef = 180796D91D2FC5E20018CABC /* SkillSprite.swift */; };
		180796DC1D2FD44F0018CABC /* Boom.swift in Sources */ = {isa = PBXBuildFile; fileRef = 180796DB1D2FD44F0018CABC /* Boom.swift */; };
		180852CD1D20F48C00531183 /* enemy.jpg in Resources */ = {isa = PBXBuildFile; fileRef = 180852CC1D20F48C00531183 /* enemy.jpg */; };
		180852CF1D20F4C900531183 /* Enemy.swift in Sources */ = {isa = PBXBuildFile; fileRef = 180852CE1D20F4C900531183 /* Enemy.swift */; };
		180852D11D210BE900531183 /* CommonFunc.swift in Sources */ = {isa = PBXBuildFile; fileRef = 180852D01D210BE900531183 /* CommonFunc.swift */; };
		182301F61D3CB1FB00355935 /* FTMatchScene.swift in Sources */ = {isa = PBXBuildFile; fileRef = 182301F51D3CB1FB00355935 /* FTMatchScene.swift */; };
		182302031D3CBD8100355935 /* GameStartVC.swift in Sources */ = {isa = PBXBuildFile; fileRef = 182302021D3CBD8100355935 /* GameStartVC.swift */; };
		182302281D3DF09300355935 /* BTCharacter.swift in Sources */ = {isa = PBXBuildFile; fileRef = 1823021B1D3DF09300355935 /* BTCharacter.swift */; };
		182302291D3DF09300355935 /* BTHeartTick.swift in Sources */ = {isa = PBXBuildFile; fileRef = 1823021C1D3DF09300355935 /* BTHeartTick.swift */; };
		1823022F1D3DF09300355935 /* OCTModel.swift in Sources */ = {isa = PBXBuildFile; fileRef = 182302221D3DF09300355935 /* OCTModel.swift */; };
		182302311D3DF09300355935 /* SLBattleFieldNet.swift in Sources */ = {isa = PBXBuildFile; fileRef = 182302241D3DF09300355935 /* SLBattleFieldNet.swift */; };
		182302321D3DF09300355935 /* SLDataBaseNet.swift in Sources */ = {isa = PBXBuildFile; fileRef = 182302251D3DF09300355935 /* SLDataBaseNet.swift */; };
		182302331D3DF09300355935 /* SLUser.swift in Sources */ = {isa = PBXBuildFile; fileRef = 182302261D3DF09300355935 /* SLUser.swift */; };
		182302371D3DF12200355935 /* BTCommand.swift in Sources */ = {isa = PBXBuildFile; fileRef = 182302351D3DF12200355935 /* BTCommand.swift */; };
		182302381D3DF12200355935 /* BTMessage.swift in Sources */ = {isa = PBXBuildFile; fileRef = 182302361D3DF12200355935 /* BTMessage.swift */; };
		183003DF1D223B8900F66865 /* TextScene.swift in Sources */ = {isa = PBXBuildFile; fileRef = 183003DE1D223B8900F66865 /* TextScene.swift */; };
		183003E11D22404200F66865 /* SKProgressNode.swift in Sources */ = {isa = PBXBuildFile; fileRef = 183003E01D22404200F66865 /* SKProgressNode.swift */; };
		184334861D2A9A9800057462 /* FTMapCell.swift in Sources */ = {isa = PBXBuildFile; fileRef = 184334851D2A9A9800057462 /* FTMapCell.swift */; };
		185CDEA91D152A5C00D6499E /* dawuyun@2x.png in Resources */ = {isa = PBXBuildFile; fileRef = 185CDEA81D152A5C00D6499E /* dawuyun@2x.png */; };
		185CDEAB1D154A5E00D6499E /* laojiangshi_left.png in Resources */ = {isa = PBXBuildFile; fileRef = 185CDEAA1D154A5E00D6499E /* laojiangshi_left.png */; };
		185CDEAD1D154A6B00D6499E /* laodaoshi.png in Resources */ = {isa = PBXBuildFile; fileRef = 185CDEAC1D154A6B00D6499E /* laodaoshi.png */; };
		185EBF3E1D3E367300E55747 /* AttackProtocal.swift in Sources */ = {isa = PBXBuildFile; fileRef = 185EBF3D1D3E367300E55747 /* AttackProtocal.swift */; };
		186066A81D2A7010004163D3 /* FightSceneWSDelegate.swift in Sources */ = {isa = PBXBuildFile; fileRef = 186066A71D2A7010004163D3 /* FightSceneWSDelegate.swift */; };
		18685D971D0AD0A200BCAE10 /* AppDelegate.swift in Sources */ = {isa = PBXBuildFile; fileRef = 18685D961D0AD0A200BCAE10 /* AppDelegate.swift */; };
		18685D991D0AD0A200BCAE10 /* GameScene.sks in Resources */ = {isa = PBXBuildFile; fileRef = 18685D981D0AD0A200BCAE10 /* GameScene.sks */; };
		18685D9B1D0AD0A200BCAE10 /* GameScene.swift in Sources */ = {isa = PBXBuildFile; fileRef = 18685D9A1D0AD0A200BCAE10 /* GameScene.swift */; };
		18685DA01D0AD0A200BCAE10 /* Main.storyboard in Resources */ = {isa = PBXBuildFile; fileRef = 18685D9E1D0AD0A200BCAE10 /* Main.storyboard */; };
		18685DA21D0AD0A200BCAE10 /* Assets.xcassets in Resources */ = {isa = PBXBuildFile; fileRef = 18685DA11D0AD0A200BCAE10 /* Assets.xcassets */; };
		18685DA51D0AD0A200BCAE10 /* LaunchScreen.storyboard in Resources */ = {isa = PBXBuildFile; fileRef = 18685DA31D0AD0A200BCAE10 /* LaunchScreen.storyboard */; };
		18685DBE1D0AD0DE00BCAE10 /* Component.swift in Sources */ = {isa = PBXBuildFile; fileRef = 18685DAD1D0AD0DE00BCAE10 /* Component.swift */; };
		18685DBF1D0AD0DE00BCAE10 /* SpriteComponent.swift in Sources */ = {isa = PBXBuildFile; fileRef = 18685DAE1D0AD0DE00BCAE10 /* SpriteComponent.swift */; };
		18685DC01D0AD0DE00BCAE10 /* Entity.swift in Sources */ = {isa = PBXBuildFile; fileRef = 18685DB01D0AD0DE00BCAE10 /* Entity.swift */; };
		18685DC11D0AD0DE00BCAE10 /* begin.jpg in Resources */ = {isa = PBXBuildFile; fileRef = 18685DB21D0AD0DE00BCAE10 /* begin.jpg */; };
		18685DC21D0AD0DE00BCAE10 /* jjc.jpg in Resources */ = {isa = PBXBuildFile; fileRef = 18685DB31D0AD0DE00BCAE10 /* jjc.jpg */; };
		18685DC31D0AD0DE00BCAE10 /* 嘟嘟.png in Resources */ = {isa = PBXBuildFile; fileRef = 18685DB41D0AD0DE00BCAE10 /* 嘟嘟.png */; };
		18685DC41D0AD0DE00BCAE10 /* 开始界面.jpg in Resources */ = {isa = PBXBuildFile; fileRef = 18685DB51D0AD0DE00BCAE10 /* 开始界面.jpg */; };
		18685DC51D0AD0DE00BCAE10 /* SpriteButton.swift in Sources */ = {isa = PBXBuildFile; fileRef = 18685DB71D0AD0DE00BCAE10 /* SpriteButton.swift */; };
		18685DC61D0AD0DE00BCAE10 /* GameGlodVC.swift in Sources */ = {isa = PBXBuildFile; fileRef = 18685DB91D0AD0DE00BCAE10 /* GameGlodVC.swift */; };
		18685DC71D0AD0DE00BCAE10 /* BaseScene.swift in Sources */ = {isa = PBXBuildFile; fileRef = 18685DBB1D0AD0DE00BCAE10 /* BaseScene.swift */; };
		18685DC81D0AD0DE00BCAE10 /* BeginScene.swift in Sources */ = {isa = PBXBuildFile; fileRef = 18685DBC1D0AD0DE00BCAE10 /* BeginScene.swift */; };
		18685DC91D0AD0DE00BCAE10 /* MainScene.swift in Sources */ = {isa = PBXBuildFile; fileRef = 18685DBD1D0AD0DE00BCAE10 /* MainScene.swift */; };
		18685DCC1D0AEDF500BCAE10 /* SetSpriteLevel.swift in Sources */ = {isa = PBXBuildFile; fileRef = 18685DCB1D0AEDF500BCAE10 /* SetSpriteLevel.swift */; };
		1868E7011D37DD2700C5876F /* Wall.swift in Sources */ = {isa = PBXBuildFile; fileRef = 1868E7001D37DD2700C5876F /* Wall.swift */; };
		1868E7031D37DD4D00C5876F /* Building.swift in Sources */ = {isa = PBXBuildFile; fileRef = 1868E7021D37DD4D00C5876F /* Building.swift */; };
		1871DAB31D263908002B6479 /* GameFightVC.swift in Sources */ = {isa = PBXBuildFile; fileRef = 1871DAB21D263908002B6479 /* GameFightVC.swift */; };
		1871DAB51D263C8F002B6479 /* FightScene.swift in Sources */ = {isa = PBXBuildFile; fileRef = 1871DAB41D263C8F002B6479 /* FightScene.swift */; };
		1871DAB71D264268002B6479 /* fightOne.jpg in Resources */ = {isa = PBXBuildFile; fileRef = 1871DAB61D264268002B6479 /* fightOne.jpg */; };
		1871DAB91D2642C3002B6479 /* FightMap.swift in Sources */ = {isa = PBXBuildFile; fileRef = 1871DAB81D2642C3002B6479 /* FightMap.swift */; };
		1871DABB1D265365002B6479 /* fangkuai.png in Resources */ = {isa = PBXBuildFile; fileRef = 1871DABA1D265365002B6479 /* fangkuai.png */; };
		1871DABD1D2659BE002B6479 /* FightPlayer.swift in Sources */ = {isa = PBXBuildFile; fileRef = 1871DABC1D2659BE002B6479 /* FightPlayer.swift */; };
		1871DAC01D267657002B6479 /* OnlineGameConvertable.swift in Sources */ = {isa = PBXBuildFile; fileRef = 1871DABF1D267657002B6479 /* OnlineGameConvertable.swift */; };
		1871DAC91D269463002B6479 /* SkillSystem.swift in Sources */ = {isa = PBXBuildFile; fileRef = 1871DAC81D269463002B6479 /* SkillSystem.swift */; };
		1871DACB1D269489002B6479 /* FireSystem.swift in Sources */ = {isa = PBXBuildFile; fileRef = 1871DACA1D269489002B6479 /* FireSystem.swift */; };
		1871DACD1D2695FA002B6479 /* huoqiu.jpg in Resources */ = {isa = PBXBuildFile; fileRef = 1871DACC1D2695FA002B6479 /* huoqiu.jpg */; };
		1871DACF1D27ABF8002B6479 /* Fire.swift in Sources */ = {isa = PBXBuildFile; fileRef = 1871DACE1D27ABF8002B6479 /* Fire.swift */; };
		1878870B1D366AEF00F34F5A /* Starscream.framework in Frameworks */ = {isa = PBXBuildFile; fileRef = 187886F91D366ABE00F34F5A /* Starscream.framework */; };
		1878870C1D366AEF00F34F5A /* Starscream.framework in Embed Frameworks */ = {isa = PBXBuildFile; fileRef = 187886F91D366ABE00F34F5A /* Starscream.framework */; settings = {ATTRIBUTES = (CodeSignOnCopy, RemoveHeadersOnCopy, ); }; };
		1878870F1D366AF200F34F5A /* SwiftyJSON.framework in Frameworks */ = {isa = PBXBuildFile; fileRef = 18A617981D365F8C006581B4 /* SwiftyJSON.framework */; };
		187887101D366AF200F34F5A /* SwiftyJSON.framework in Embed Frameworks */ = {isa = PBXBuildFile; fileRef = 18A617981D365F8C006581B4 /* SwiftyJSON.framework */; settings = {ATTRIBUTES = (CodeSignOnCopy, RemoveHeadersOnCopy, ); }; };
		187E306E1D191594008AB0A5 /* Map.swift in Sources */ = {isa = PBXBuildFile; fileRef = 187E306D1D191594008AB0A5 /* Map.swift */; };
		187E30701D192CA6008AB0A5 /* SecondGame.swift in Sources */ = {isa = PBXBuildFile; fileRef = 187E306F1D192CA6008AB0A5 /* SecondGame.swift */; };
		187E30721D192D3C008AB0A5 /* Sheep.swift in Sources */ = {isa = PBXBuildFile; fileRef = 187E30711D192D3C008AB0A5 /* Sheep.swift */; };
		187E30741D1986A0008AB0A5 /* MoveComponent.swift in Sources */ = {isa = PBXBuildFile; fileRef = 187E30731D1986A0008AB0A5 /* MoveComponent.swift */; };
		187E30781D1A66E3008AB0A5 /* road.jpg in Resources */ = {isa = PBXBuildFile; fileRef = 187E30771D1A66E3008AB0A5 /* road.jpg */; };
		1882BCF11D38BFF9003E1312 /* WallSystem.swift in Sources */ = {isa = PBXBuildFile; fileRef = 1882BCF01D38BFF9003E1312 /* WallSystem.swift */; };
		1894EFF11D34B2CC00E7FAA9 /* ConfigureSkill.swift in Sources */ = {isa = PBXBuildFile; fileRef = 1894EFF01D34B2CB00E7FAA9 /* ConfigureSkill.swift */; };
		1894EFF51D34B89700E7FAA9 /* huoqiu.png in Resources */ = {isa = PBXBuildFile; fileRef = 1894EFF21D34B89700E7FAA9 /* huoqiu.png */; };
		1894EFF61D34B89700E7FAA9 /* shuiqiu.png in Resources */ = {isa = PBXBuildFile; fileRef = 1894EFF31D34B89700E7FAA9 /* shuiqiu.png */; };
		1894EFF71D34B89700E7FAA9 /* dianqiu.png in Resources */ = {isa = PBXBuildFile; fileRef = 1894EFF41D34B89700E7FAA9 /* dianqiu.png */; };
		1894EFFB1D34CE3C00E7FAA9 /* Ball.swift in Sources */ = {isa = PBXBuildFile; fileRef = 1894EFFA1D34CE3C00E7FAA9 /* Ball.swift */; };
		18B086A81D229D1300DBFBAD /* bianda@2x.png in Resources */ = {isa = PBXBuildFile; fileRef = 18B086981D229D1300DBFBAD /* bianda@2x.png */; };
		18B086A91D229D1300DBFBAD /* bianda@3x.png in Resources */ = {isa = PBXBuildFile; fileRef = 18B086991D229D1300DBFBAD /* bianda@3x.png */; };
		18B086AA1D229D1300DBFBAD /* bianxiao@2x.png in Resources */ = {isa = PBXBuildFile; fileRef = 18B0869A1D229D1300DBFBAD /* bianxiao@2x.png */; };
		18B086AB1D229D1300DBFBAD /* bianxiao@3x.png in Resources */ = {isa = PBXBuildFile; fileRef = 18B0869B1D229D1300DBFBAD /* bianxiao@3x.png */; };
		18B086AC1D229D1300DBFBAD /* dingshen@2x.png in Resources */ = {isa = PBXBuildFile; fileRef = 18B0869C1D229D1300DBFBAD /* dingshen@2x.png */; };
		18B086AD1D229D1300DBFBAD /* dingshen@3x.png in Resources */ = {isa = PBXBuildFile; fileRef = 18B0869D1D229D1300DBFBAD /* dingshen@3x.png */; };
		18B086AE1D229D1300DBFBAD /* fenshen@2x.png in Resources */ = {isa = PBXBuildFile; fileRef = 18B0869E1D229D1300DBFBAD /* fenshen@2x.png */; };
		18B086AF1D229D1300DBFBAD /* fenshen@3x.png in Resources */ = {isa = PBXBuildFile; fileRef = 18B0869F1D229D1300DBFBAD /* fenshen@3x.png */; };
		18B086B01D229D1300DBFBAD /* jiasu@2x.png in Resources */ = {isa = PBXBuildFile; fileRef = 18B086A01D229D1300DBFBAD /* jiasu@2x.png */; };
		18B086B11D229D1300DBFBAD /* jiasu@3x.png in Resources */ = {isa = PBXBuildFile; fileRef = 18B086A11D229D1300DBFBAD /* jiasu@3x.png */; };
		18B086B21D229D1300DBFBAD /* wudi@2x.png in Resources */ = {isa = PBXBuildFile; fileRef = 18B086A21D229D1300DBFBAD /* wudi@2x.png */; };
		18B086B31D229D1300DBFBAD /* wudi@3x.png in Resources */ = {isa = PBXBuildFile; fileRef = 18B086A31D229D1300DBFBAD /* wudi@3x.png */; };
		18B086B41D229D1300DBFBAD /* wuyun@2x.png in Resources */ = {isa = PBXBuildFile; fileRef = 18B086A41D229D1300DBFBAD /* wuyun@2x.png */; };
		18B086B51D229D1300DBFBAD /* wuyun@3x.png in Resources */ = {isa = PBXBuildFile; fileRef = 18B086A51D229D1300DBFBAD /* wuyun@3x.png */; };
		18B086B61D229D1300DBFBAD /* xitieshi@2x.png in Resources */ = {isa = PBXBuildFile; fileRef = 18B086A61D229D1300DBFBAD /* xitieshi@2x.png */; };
		18B086B71D229D1300DBFBAD /* xitieshi@3x.png in Resources */ = {isa = PBXBuildFile; fileRef = 18B086A71D229D1300DBFBAD /* xitieshi@3x.png */; };
		18B086BF1D229D2900DBFBAD /* huibianda@2x.png in Resources */ = {isa = PBXBuildFile; fileRef = 18B086B81D229D2900DBFBAD /* huibianda@2x.png */; };
		18B086C01D229D2900DBFBAD /* huibianxiao@2x.png in Resources */ = {isa = PBXBuildFile; fileRef = 18B086B91D229D2900DBFBAD /* huibianxiao@2x.png */; };
		18B086C11D229D2900DBFBAD /* huicitie@2x.png in Resources */ = {isa = PBXBuildFile; fileRef = 18B086BA1D229D2900DBFBAD /* huicitie@2x.png */; };
		18B086C21D229D2900DBFBAD /* huidingshen@2x.png in Resources */ = {isa = PBXBuildFile; fileRef = 18B086BB1D229D2900DBFBAD /* huidingshen@2x.png */; };
		18B086C31D229D2900DBFBAD /* huijiasu@2x.png in Resources */ = {isa = PBXBuildFile; fileRef = 18B086BC1D229D2900DBFBAD /* huijiasu@2x.png */; };
		18B086C41D229D2900DBFBAD /* huiwudi@2x.png in Resources */ = {isa = PBXBuildFile; fileRef = 18B086BD1D229D2900DBFBAD /* huiwudi@2x.png */; };
		18B086C51D229D2900DBFBAD /* huiwuyun@2x.png in Resources */ = {isa = PBXBuildFile; fileRef = 18B086BE1D229D2900DBFBAD /* huiwuyun@2x.png */; };
		18B086C71D22AADC00DBFBAD /* zuanshi.png in Resources */ = {isa = PBXBuildFile; fileRef = 18B086C61D22AADC00DBFBAD /* zuanshi.png */; };
		18B1CB831D3F3FEE0065088C /* FTSynchronizingScene.swift in Sources */ = {isa = PBXBuildFile; fileRef = 18B1CB821D3F3FEE0065088C /* FTSynchronizingScene.swift */; };
		18B1CB901D3F48850065088C /* loading.png in Resources */ = {isa = PBXBuildFile; fileRef = 18B1CB8F1D3F48850065088C /* loading.png */; };
		18B1CB921D3F68A90065088C /* SaveSkillProtocal.swift in Sources */ = {isa = PBXBuildFile; fileRef = 18B1CB911D3F68A90065088C /* SaveSkillProtocal.swift */; };
		18B62C931D30F89600C49EA3 /* BoomSystem.swift in Sources */ = {isa = PBXBuildFile; fileRef = 18B62C921D30F89600C49EA3 /* BoomSystem.swift */; };
		18BA0D3F1D1B9D6600B0272A /* flash.png in Resources */ = {isa = PBXBuildFile; fileRef = 18BA0D3E1D1B9D6600B0272A /* flash.png */; };
		18BA0D411D1BB50F00B0272A /* Setting.swift in Sources */ = {isa = PBXBuildFile; fileRef = 18BA0D401D1BB50F00B0272A /* Setting.swift */; };
		18CA050C1D40FC6800C78B8B /* SmallView.swift in Sources */ = {isa = PBXBuildFile; fileRef = 18CA050B1D40FC6800C78B8B /* SmallView.swift */; };
		18CA050E1D40FC6800C78B8B /* finishBackground.jpg in Resources */ = {isa = PBXBuildFile; fileRef = 18CA050D1D40FC6800C78B8B /* finishBackground.jpg */; };
		18CE59771D437EDC009D7930 /* huangdi_dead_none.atlas in Resources */ = {isa = PBXBuildFile; fileRef = 18CE59701D437EDC009D7930 /* huangdi_dead_none.atlas */; };
		18CE59781D437EDC009D7930 /* huangdi_injured_none.atlas in Resources */ = {isa = PBXBuildFile; fileRef = 18CE59711D437EDC009D7930 /* huangdi_injured_none.atlas */; };
		18CE59791D437EDC009D7930 /* huangdi_rest_none.atlas in Resources */ = {isa = PBXBuildFile; fileRef = 18CE59721D437EDC009D7930 /* huangdi_rest_none.atlas */; };
		18CE597A1D437EDC009D7930 /* huangdi_walk_down.atlas in Resources */ = {isa = PBXBuildFile; fileRef = 18CE59731D437EDC009D7930 /* huangdi_walk_down.atlas */; };
		18CE597B1D437EDC009D7930 /* huangdi_walk_left.atlas in Resources */ = {isa = PBXBuildFile; fileRef = 18CE59741D437EDC009D7930 /* huangdi_walk_left.atlas */; };
		18CE597C1D437EDC009D7930 /* huangdi_walk_right.atlas in Resources */ = {isa = PBXBuildFile; fileRef = 18CE59751D437EDC009D7930 /* huangdi_walk_right.atlas */; };
		18CE597D1D437EDC009D7930 /* huangdi_walk_up.atlas in Resources */ = {isa = PBXBuildFile; fileRef = 18CE59761D437EDC009D7930 /* huangdi_walk_up.atlas */; };
		18CE598A1D438174009D7930 /* FTFightPlayerRestState.swift in Sources */ = {isa = PBXBuildFile; fileRef = 18CE59891D438174009D7930 /* FTFightPlayerRestState.swift */; };
		18CE598C1D43828C009D7930 /* FTFightPlayerWalkState.swift in Sources */ = {isa = PBXBuildFile; fileRef = 18CE598B1D43828C009D7930 /* FTFightPlayerWalkState.swift */; };
		18CE598E1D4382B0009D7930 /* FTFightPlayerInjuredState.swift in Sources */ = {isa = PBXBuildFile; fileRef = 18CE598D1D4382B0009D7930 /* FTFightPlayerInjuredState.swift */; };
		18D810E31D37535F00551B00 /* GuanChuanHarm.swift in Sources */ = {isa = PBXBuildFile; fileRef = 18D810E21D37535F00551B00 /* GuanChuanHarm.swift */; };
		18D810F01D37654900551B00 /* FTCellStandAbleDelegate.swift in Sources */ = {isa = PBXBuildFile; fileRef = 18D810EF1D37654900551B00 /* FTCellStandAbleDelegate.swift */; };
		18D810F21D37857E00551B00 /* wall.jpg in Resources */ = {isa = PBXBuildFile; fileRef = 18D810F11D37857E00551B00 /* wall.jpg */; };
		18D810F71D378B7400551B00 /* FTPlayerStateUI.swift in Sources */ = {isa = PBXBuildFile; fileRef = 18D810F61D378B7400551B00 /* FTPlayerStateUI.swift */; };
		18E6D8DA1D41EBB70032F399 /* Animation.swift in Sources */ = {isa = PBXBuildFile; fileRef = 18E6D8D91D41EBB70032F399 /* Animation.swift */; };
		18E6D8DD1D4215820032F399 /* StateMachine.swift in Sources */ = {isa = PBXBuildFile; fileRef = 18E6D8DC1D4215820032F399 /* StateMachine.swift */; };
		18E6D8DF1D42199C0032F399 /* State.swift in Sources */ = {isa = PBXBuildFile; fileRef = 18E6D8DE1D42199C0032F399 /* State.swift */; };
		18E6D8E11D4230690032F399 /* FTSceneStartState.swift in Sources */ = {isa = PBXBuildFile; fileRef = 18E6D8E01D4230690032F399 /* FTSceneStartState.swift */; };
		18E6D8E31D4230B80032F399 /* FTSceneFinishState.swift in Sources */ = {isa = PBXBuildFile; fileRef = 18E6D8E21D4230B80032F399 /* FTSceneFinishState.swift */; };
		18E7AC101D17B2740040B3B9 /* citie.atlas in Resources */ = {isa = PBXBuildFile; fileRef = 18E7AC0F1D17B2740040B3B9 /* citie.atlas */; };
		18E7AC141D17BACA0040B3B9 /* wudi.atlas in Resources */ = {isa = PBXBuildFile; fileRef = 18E7AC131D17BACA0040B3B9 /* wudi.atlas */; };
		18F5B6C61D21580700D28F1F /* Cooldown.png in Resources */ = {isa = PBXBuildFile; fileRef = 18F5B6C51D21580700D28F1F /* Cooldown.png */; };
/* End PBXBuildFile section */

/* Begin PBXContainerItemProxy section */
		187886F81D366ABE00F34F5A /* PBXContainerItemProxy */ = {
			isa = PBXContainerItemProxy;
			containerPortal = 187886EF1D366ABE00F34F5A /* Starscream.xcodeproj */;
			proxyType = 2;
			remoteGlobalIDString = 6B3E79E619D48B7F006071F7;
			remoteInfo = "Starscream iOS";
		};
		187886FA1D366ABE00F34F5A /* PBXContainerItemProxy */ = {
			isa = PBXContainerItemProxy;
			containerPortal = 187886EF1D366ABE00F34F5A /* Starscream.xcodeproj */;
			proxyType = 2;
			remoteGlobalIDString = 6B3E79F119D48B7F006071F7;
			remoteInfo = "Starscream iOSTests";
		};
		187886FC1D366ABE00F34F5A /* PBXContainerItemProxy */ = {
			isa = PBXContainerItemProxy;
			containerPortal = 187886EF1D366ABE00F34F5A /* Starscream.xcodeproj */;
			proxyType = 2;
			remoteGlobalIDString = D9C3E35F19E48FF1009FC285;
			remoteInfo = "Starscream OSX";
		};
		187886FE1D366ABE00F34F5A /* PBXContainerItemProxy */ = {
			isa = PBXContainerItemProxy;
			containerPortal = 187886EF1D366ABE00F34F5A /* Starscream.xcodeproj */;
			proxyType = 2;
			remoteGlobalIDString = D9C3E36919E48FF1009FC285;
			remoteInfo = "Starscream OSXTests";
		};
		187887001D366ABE00F34F5A /* PBXContainerItemProxy */ = {
			isa = PBXContainerItemProxy;
			containerPortal = 187886EF1D366ABE00F34F5A /* Starscream.xcodeproj */;
			proxyType = 2;
			remoteGlobalIDString = 091277971BD673A70003036D;
			remoteInfo = "Starscream tvOS";
		};
		187887021D366ABE00F34F5A /* PBXContainerItemProxy */ = {
			isa = PBXContainerItemProxy;
			containerPortal = 187886EF1D366ABE00F34F5A /* Starscream.xcodeproj */;
			proxyType = 2;
			remoteGlobalIDString = 091277A01BD673A70003036D;
			remoteInfo = "Starscream tvOSTests";
		};
		1878870D1D366AEF00F34F5A /* PBXContainerItemProxy */ = {
			isa = PBXContainerItemProxy;
			containerPortal = 187886EF1D366ABE00F34F5A /* Starscream.xcodeproj */;
			proxyType = 1;
			remoteGlobalIDString = 6B3E79E519D48B7F006071F7;
			remoteInfo = "Starscream iOS";
		};
		187887111D366AF200F34F5A /* PBXContainerItemProxy */ = {
			isa = PBXContainerItemProxy;
			containerPortal = 18A6178D1D365F8C006581B4 /* SwiftyJSON.xcodeproj */;
			proxyType = 1;
			remoteGlobalIDString = 2E4FEFDA19575BE100351305;
			remoteInfo = "SwiftyJSON iOS";
		};
		18A617971D365F8C006581B4 /* PBXContainerItemProxy */ = {
			isa = PBXContainerItemProxy;
			containerPortal = 18A6178D1D365F8C006581B4 /* SwiftyJSON.xcodeproj */;
			proxyType = 2;
			remoteGlobalIDString = 2E4FEFDB19575BE100351305;
			remoteInfo = "SwiftyJSON iOS";
		};
		18A617991D365F8C006581B4 /* PBXContainerItemProxy */ = {
			isa = PBXContainerItemProxy;
			containerPortal = 18A6178D1D365F8C006581B4 /* SwiftyJSON.xcodeproj */;
			proxyType = 2;
			remoteGlobalIDString = 2E4FEFE619575BE100351305;
			remoteInfo = "SwiftyJSON iOS Tests";
		};
		18A6179B1D365F8C006581B4 /* PBXContainerItemProxy */ = {
			isa = PBXContainerItemProxy;
			containerPortal = 18A6178D1D365F8C006581B4 /* SwiftyJSON.xcodeproj */;
			proxyType = 2;
			remoteGlobalIDString = 9C7DFC5B1A9102BD005AA3F7;
			remoteInfo = "SwiftyJSON OSX";
		};
		18A6179D1D365F8C006581B4 /* PBXContainerItemProxy */ = {
			isa = PBXContainerItemProxy;
			containerPortal = 18A6178D1D365F8C006581B4 /* SwiftyJSON.xcodeproj */;
			proxyType = 2;
			remoteGlobalIDString = 9C7DFC651A9102BD005AA3F7;
			remoteInfo = "SwiftyJSON OSX Tests";
		};
		18A6179F1D365F8C006581B4 /* PBXContainerItemProxy */ = {
			isa = PBXContainerItemProxy;
			containerPortal = 18A6178D1D365F8C006581B4 /* SwiftyJSON.xcodeproj */;
			proxyType = 2;
			remoteGlobalIDString = E4D7CCE81B9465A700EE7221;
			remoteInfo = "SwiftyJSON watchOS";
		};
		18A617A11D365F8C006581B4 /* PBXContainerItemProxy */ = {
			isa = PBXContainerItemProxy;
			containerPortal = 18A6178D1D365F8C006581B4 /* SwiftyJSON.xcodeproj */;
			proxyType = 2;
			remoteGlobalIDString = 7236B4F61BAC14150020529B;
			remoteInfo = "SwiftyJSON tvOS";
		};
		18A617A31D365F8C006581B4 /* PBXContainerItemProxy */ = {
			isa = PBXContainerItemProxy;
			containerPortal = 18A6178D1D365F8C006581B4 /* SwiftyJSON.xcodeproj */;
			proxyType = 2;
			remoteGlobalIDString = A8580F741BCF5C5B00DA927B;
			remoteInfo = "SwiftyJSON tvOS Tests";
		};
/* End PBXContainerItemProxy section */

/* Begin PBXCopyFilesBuildPhase section */
		184334841D2A875B00057462 /* Embed Frameworks */ = {
			isa = PBXCopyFilesBuildPhase;
			buildActionMask = 2147483647;
			dstPath = "";
			dstSubfolderSpec = 10;
			files = (
				187887101D366AF200F34F5A /* SwiftyJSON.framework in Embed Frameworks */,
				1878870C1D366AEF00F34F5A /* Starscream.framework in Embed Frameworks */,
			);
			name = "Embed Frameworks";
			runOnlyForDeploymentPostprocessing = 0;
		};
/* End PBXCopyFilesBuildPhase section */

/* Begin PBXFileReference section */
		180262AB1D0FC46500949B15 /* Player.swift */ = {isa = PBXFileReference; fileEncoding = 4; lastKnownFileType = sourcecode.swift; path = Player.swift; sourceTree = "<group>"; };
		180262AD1D0FC4A700949B15 /* qian.png */ = {isa = PBXFileReference; lastKnownFileType = image.png; path = qian.png; sourceTree = "<group>"; };
		180262AE1D0FC4A700949B15 /* zhujiao.png */ = {isa = PBXFileReference; lastKnownFileType = image.png; path = zhujiao.png; sourceTree = "<group>"; };
		180262B11D0FC8CA00949B15 /* MovementComponent.swift */ = {isa = PBXFileReference; fileEncoding = 4; lastKnownFileType = sourcecode.swift; path = MovementComponent.swift; sourceTree = "<group>"; };
		180262B31D0FDB5900949B15 /* Zombie.swift */ = {isa = PBXFileReference; fileEncoding = 4; lastKnownFileType = sourcecode.swift; path = Zombie.swift; sourceTree = "<group>"; };
		180262B61D0FE10100949B15 /* CreateProduct.swift */ = {isa = PBXFileReference; fileEncoding = 4; lastKnownFileType = sourcecode.swift; path = CreateProduct.swift; sourceTree = "<group>"; };
		180262B81D111D5100949B15 /* MagnetComponent.swift */ = {isa = PBXFileReference; fileEncoding = 4; lastKnownFileType = sourcecode.swift; path = MagnetComponent.swift; sourceTree = "<group>"; };
		180262BA1D1123DD00949B15 /* InvincibleComponent.swift */ = {isa = PBXFileReference; fileEncoding = 4; lastKnownFileType = sourcecode.swift; path = InvincibleComponent.swift; sourceTree = "<group>"; };
		180262BC1D1124DF00949B15 /* LargenMinifyComponent.swift */ = {isa = PBXFileReference; fileEncoding = 4; lastKnownFileType = sourcecode.swift; path = LargenMinifyComponent.swift; sourceTree = "<group>"; };
		180262BE1D11377A00949B15 /* HaltComponent.swift */ = {isa = PBXFileReference; fileEncoding = 4; lastKnownFileType = sourcecode.swift; path = HaltComponent.swift; sourceTree = "<group>"; };
		180262C41D11418B00949B15 /* DashComponent.swift */ = {isa = PBXFileReference; fileEncoding = 4; lastKnownFileType = sourcecode.swift; path = DashComponent.swift; sourceTree = "<group>"; };
		180262C61D114BC000949B15 /* BlackCloudComponent;.swift */ = {isa = PBXFileReference; fileEncoding = 4; lastKnownFileType = sourcecode.swift; path = "BlackCloudComponent;.swift"; sourceTree = "<group>"; };
		180262C81D11847200949B15 /* FenshenComponent.swift */ = {isa = PBXFileReference; fileEncoding = 4; lastKnownFileType = sourcecode.swift; path = FenshenComponent.swift; sourceTree = "<group>"; };
		180262CA1D1273C900949B15 /* FenShen.swift */ = {isa = PBXFileReference; fileEncoding = 4; lastKnownFileType = sourcecode.swift; path = FenShen.swift; sourceTree = "<group>"; };
		180262EC1D12853800949B15 /* boom.png */ = {isa = PBXFileReference; lastKnownFileType = image.png; path = boom.png; sourceTree = "<group>"; };
		180262EE1D1298E100949B15 /* AddResource.swift */ = {isa = PBXFileReference; fileEncoding = 4; lastKnownFileType = sourcecode.swift; path = AddResource.swift; sourceTree = "<group>"; };
		180262F01D13C77A00949B15 /* AnimationComponent.swift */ = {isa = PBXFileReference; fileEncoding = 4; lastKnownFileType = sourcecode.swift; path = AnimationComponent.swift; sourceTree = "<group>"; };
		180262FE1D13FF2500949B15 /* frozenLeft.atlas */ = {isa = PBXFileReference; lastKnownFileType = folder.skatlas; path = frozenLeft.atlas; sourceTree = "<group>"; };
		180262FF1D13FF2500949B15 /* frozenRight.atlas */ = {isa = PBXFileReference; lastKnownFileType = folder.skatlas; path = frozenRight.atlas; sourceTree = "<group>"; };
		180263081D1400C100949B15 /* walkLeft.atlas */ = {isa = PBXFileReference; lastKnownFileType = folder.skatlas; path = walkLeft.atlas; sourceTree = "<group>"; };
		180263091D1400C100949B15 /* walkRight.atlas */ = {isa = PBXFileReference; lastKnownFileType = folder.skatlas; path = walkRight.atlas; sourceTree = "<group>"; };
		18070EF71D3651C300A206DF /* SinglePointHarm.swift */ = {isa = PBXFileReference; fileEncoding = 4; lastKnownFileType = sourcecode.swift; path = SinglePointHarm.swift; sourceTree = "<group>"; };
		180796CF1D2F890C0018CABC /* fangkuai2.png */ = {isa = PBXFileReference; lastKnownFileType = image.png; path = fangkuai2.png; sourceTree = "<group>"; };
		180796D31D2F89AE0018CABC /* HarmArea.swift */ = {isa = PBXFileReference; fileEncoding = 4; lastKnownFileType = sourcecode.swift; path = HarmArea.swift; sourceTree = "<group>"; };
		180796D51D2F8A5B0018CABC /* HengPaiHarm.swift */ = {isa = PBXFileReference; fileEncoding = 4; lastKnownFileType = sourcecode.swift; path = HengPaiHarm.swift; sourceTree = "<group>"; };
		180796D71D2F999D0018CABC /* HarmObj.swift */ = {isa = PBXFileReference; fileEncoding = 4; lastKnownFileType = sourcecode.swift; path = HarmObj.swift; sourceTree = "<group>"; };
		180796D91D2FC5E20018CABC /* SkillSprite.swift */ = {isa = PBXFileReference; fileEncoding = 4; lastKnownFileType = sourcecode.swift; path = SkillSprite.swift; sourceTree = "<group>"; };
		180796DB1D2FD44F0018CABC /* Boom.swift */ = {isa = PBXFileReference; fileEncoding = 4; lastKnownFileType = sourcecode.swift; path = Boom.swift; sourceTree = "<group>"; };
		180852CC1D20F48C00531183 /* enemy.jpg */ = {isa = PBXFileReference; lastKnownFileType = image.jpeg; path = enemy.jpg; sourceTree = "<group>"; };
		180852CE1D20F4C900531183 /* Enemy.swift */ = {isa = PBXFileReference; fileEncoding = 4; lastKnownFileType = sourcecode.swift; path = Enemy.swift; sourceTree = "<group>"; };
		180852D01D210BE900531183 /* CommonFunc.swift */ = {isa = PBXFileReference; fileEncoding = 4; lastKnownFileType = sourcecode.swift; path = CommonFunc.swift; sourceTree = "<group>"; };
		182301F51D3CB1FB00355935 /* FTMatchScene.swift */ = {isa = PBXFileReference; fileEncoding = 4; lastKnownFileType = sourcecode.swift; path = FTMatchScene.swift; sourceTree = "<group>"; };
		182302021D3CBD8100355935 /* GameStartVC.swift */ = {isa = PBXFileReference; fileEncoding = 4; lastKnownFileType = sourcecode.swift; path = GameStartVC.swift; sourceTree = "<group>"; };
		1823021B1D3DF09300355935 /* BTCharacter.swift */ = {isa = PBXFileReference; fileEncoding = 4; lastKnownFileType = sourcecode.swift; path = BTCharacter.swift; sourceTree = "<group>"; };
		1823021C1D3DF09300355935 /* BTHeartTick.swift */ = {isa = PBXFileReference; fileEncoding = 4; lastKnownFileType = sourcecode.swift; path = BTHeartTick.swift; sourceTree = "<group>"; };
		182302221D3DF09300355935 /* OCTModel.swift */ = {isa = PBXFileReference; fileEncoding = 4; lastKnownFileType = sourcecode.swift; path = OCTModel.swift; sourceTree = "<group>"; };
		182302241D3DF09300355935 /* SLBattleFieldNet.swift */ = {isa = PBXFileReference; fileEncoding = 4; lastKnownFileType = sourcecode.swift; path = SLBattleFieldNet.swift; sourceTree = "<group>"; };
		182302251D3DF09300355935 /* SLDataBaseNet.swift */ = {isa = PBXFileReference; fileEncoding = 4; lastKnownFileType = sourcecode.swift; path = SLDataBaseNet.swift; sourceTree = "<group>"; };
		182302261D3DF09300355935 /* SLUser.swift */ = {isa = PBXFileReference; fileEncoding = 4; lastKnownFileType = sourcecode.swift; path = SLUser.swift; sourceTree = "<group>"; };
		182302351D3DF12200355935 /* BTCommand.swift */ = {isa = PBXFileReference; fileEncoding = 4; lastKnownFileType = sourcecode.swift; path = BTCommand.swift; sourceTree = "<group>"; };
		182302361D3DF12200355935 /* BTMessage.swift */ = {isa = PBXFileReference; fileEncoding = 4; lastKnownFileType = sourcecode.swift; path = BTMessage.swift; sourceTree = "<group>"; };
		183003DE1D223B8900F66865 /* TextScene.swift */ = {isa = PBXFileReference; fileEncoding = 4; lastKnownFileType = sourcecode.swift; path = TextScene.swift; sourceTree = "<group>"; };
		183003E01D22404200F66865 /* SKProgressNode.swift */ = {isa = PBXFileReference; fileEncoding = 4; lastKnownFileType = sourcecode.swift; path = SKProgressNode.swift; sourceTree = "<group>"; };
		184334851D2A9A9800057462 /* FTMapCell.swift */ = {isa = PBXFileReference; fileEncoding = 4; lastKnownFileType = sourcecode.swift; path = FTMapCell.swift; sourceTree = "<group>"; };
		185CDEA81D152A5C00D6499E /* dawuyun@2x.png */ = {isa = PBXFileReference; lastKnownFileType = image.png; path = "dawuyun@2x.png"; sourceTree = "<group>"; };
		185CDEAA1D154A5E00D6499E /* laojiangshi_left.png */ = {isa = PBXFileReference; lastKnownFileType = image.png; path = laojiangshi_left.png; sourceTree = "<group>"; };
		185CDEAC1D154A6B00D6499E /* laodaoshi.png */ = {isa = PBXFileReference; lastKnownFileType = image.png; path = laodaoshi.png; sourceTree = "<group>"; };
		185EBF3D1D3E367300E55747 /* AttackProtocal.swift */ = {isa = PBXFileReference; fileEncoding = 4; lastKnownFileType = sourcecode.swift; path = AttackProtocal.swift; sourceTree = "<group>"; };
		186066A71D2A7010004163D3 /* FightSceneWSDelegate.swift */ = {isa = PBXFileReference; fileEncoding = 4; lastKnownFileType = sourcecode.swift; path = FightSceneWSDelegate.swift; sourceTree = "<group>"; };
		18685D931D0AD0A200BCAE10 /* OctGame.app */ = {isa = PBXFileReference; explicitFileType = wrapper.application; includeInIndex = 0; path = OctGame.app; sourceTree = BUILT_PRODUCTS_DIR; };
		18685D961D0AD0A200BCAE10 /* AppDelegate.swift */ = {isa = PBXFileReference; lastKnownFileType = sourcecode.swift; name = AppDelegate.swift; path = ../AppDelegate.swift; sourceTree = "<group>"; };
		18685D981D0AD0A200BCAE10 /* GameScene.sks */ = {isa = PBXFileReference; lastKnownFileType = file.sks; name = GameScene.sks; path = ../GameScene.sks; sourceTree = "<group>"; };
		18685D9A1D0AD0A200BCAE10 /* GameScene.swift */ = {isa = PBXFileReference; lastKnownFileType = sourcecode.swift; name = GameScene.swift; path = ../GameScene.swift; sourceTree = "<group>"; };
		18685D9F1D0AD0A200BCAE10 /* Base */ = {isa = PBXFileReference; lastKnownFileType = file.storyboard; name = Base; path = Base.lproj/Main.storyboard; sourceTree = "<group>"; };
		18685DA11D0AD0A200BCAE10 /* Assets.xcassets */ = {isa = PBXFileReference; lastKnownFileType = folder.assetcatalog; path = Assets.xcassets; sourceTree = "<group>"; };
		18685DA41D0AD0A200BCAE10 /* Base */ = {isa = PBXFileReference; lastKnownFileType = file.storyboard; name = Base; path = Base.lproj/LaunchScreen.storyboard; sourceTree = "<group>"; };
		18685DA61D0AD0A200BCAE10 /* Info.plist */ = {isa = PBXFileReference; lastKnownFileType = text.plist.xml; path = Info.plist; sourceTree = "<group>"; };
		18685DAD1D0AD0DE00BCAE10 /* Component.swift */ = {isa = PBXFileReference; fileEncoding = 4; lastKnownFileType = sourcecode.swift; path = Component.swift; sourceTree = "<group>"; };
		18685DAE1D0AD0DE00BCAE10 /* SpriteComponent.swift */ = {isa = PBXFileReference; fileEncoding = 4; lastKnownFileType = sourcecode.swift; path = SpriteComponent.swift; sourceTree = "<group>"; };
		18685DB01D0AD0DE00BCAE10 /* Entity.swift */ = {isa = PBXFileReference; fileEncoding = 4; lastKnownFileType = sourcecode.swift; path = Entity.swift; sourceTree = "<group>"; };
		18685DB21D0AD0DE00BCAE10 /* begin.jpg */ = {isa = PBXFileReference; lastKnownFileType = image.jpeg; path = begin.jpg; sourceTree = "<group>"; };
		18685DB31D0AD0DE00BCAE10 /* jjc.jpg */ = {isa = PBXFileReference; lastKnownFileType = image.jpeg; path = jjc.jpg; sourceTree = "<group>"; };
		18685DB41D0AD0DE00BCAE10 /* 嘟嘟.png */ = {isa = PBXFileReference; lastKnownFileType = image.png; path = "嘟嘟.png"; sourceTree = "<group>"; };
		18685DB51D0AD0DE00BCAE10 /* 开始界面.jpg */ = {isa = PBXFileReference; lastKnownFileType = image.jpeg; path = "开始界面.jpg"; sourceTree = "<group>"; };
		18685DB71D0AD0DE00BCAE10 /* SpriteButton.swift */ = {isa = PBXFileReference; fileEncoding = 4; lastKnownFileType = sourcecode.swift; path = SpriteButton.swift; sourceTree = "<group>"; };
		18685DB91D0AD0DE00BCAE10 /* GameGlodVC.swift */ = {isa = PBXFileReference; fileEncoding = 4; lastKnownFileType = sourcecode.swift; path = GameGlodVC.swift; sourceTree = "<group>"; };
		18685DBB1D0AD0DE00BCAE10 /* BaseScene.swift */ = {isa = PBXFileReference; fileEncoding = 4; lastKnownFileType = sourcecode.swift; path = BaseScene.swift; sourceTree = "<group>"; };
		18685DBC1D0AD0DE00BCAE10 /* BeginScene.swift */ = {isa = PBXFileReference; fileEncoding = 4; lastKnownFileType = sourcecode.swift; path = BeginScene.swift; sourceTree = "<group>"; };
		18685DBD1D0AD0DE00BCAE10 /* MainScene.swift */ = {isa = PBXFileReference; fileEncoding = 4; lastKnownFileType = sourcecode.swift; path = MainScene.swift; sourceTree = "<group>"; };
		18685DCB1D0AEDF500BCAE10 /* SetSpriteLevel.swift */ = {isa = PBXFileReference; fileEncoding = 4; lastKnownFileType = sourcecode.swift; path = SetSpriteLevel.swift; sourceTree = "<group>"; };
		1868E7001D37DD2700C5876F /* Wall.swift */ = {isa = PBXFileReference; fileEncoding = 4; lastKnownFileType = sourcecode.swift; path = Wall.swift; sourceTree = "<group>"; };
		1868E7021D37DD4D00C5876F /* Building.swift */ = {isa = PBXFileReference; fileEncoding = 4; lastKnownFileType = sourcecode.swift; path = Building.swift; sourceTree = "<group>"; };
		1871DAB21D263908002B6479 /* GameFightVC.swift */ = {isa = PBXFileReference; fileEncoding = 4; lastKnownFileType = sourcecode.swift; path = GameFightVC.swift; sourceTree = "<group>"; };
		1871DAB41D263C8F002B6479 /* FightScene.swift */ = {isa = PBXFileReference; fileEncoding = 4; lastKnownFileType = sourcecode.swift; path = FightScene.swift; sourceTree = "<group>"; };
		1871DAB61D264268002B6479 /* fightOne.jpg */ = {isa = PBXFileReference; lastKnownFileType = image.jpeg; path = fightOne.jpg; sourceTree = "<group>"; };
		1871DAB81D2642C3002B6479 /* FightMap.swift */ = {isa = PBXFileReference; fileEncoding = 4; lastKnownFileType = sourcecode.swift; path = FightMap.swift; sourceTree = "<group>"; };
		1871DABA1D265365002B6479 /* fangkuai.png */ = {isa = PBXFileReference; lastKnownFileType = image.png; path = fangkuai.png; sourceTree = "<group>"; };
		1871DABC1D2659BE002B6479 /* FightPlayer.swift */ = {isa = PBXFileReference; fileEncoding = 4; lastKnownFileType = sourcecode.swift; path = FightPlayer.swift; sourceTree = "<group>"; };
		1871DABF1D267657002B6479 /* OnlineGameConvertable.swift */ = {isa = PBXFileReference; fileEncoding = 4; lastKnownFileType = sourcecode.swift; path = OnlineGameConvertable.swift; sourceTree = "<group>"; };
		1871DAC81D269463002B6479 /* SkillSystem.swift */ = {isa = PBXFileReference; fileEncoding = 4; lastKnownFileType = sourcecode.swift; path = SkillSystem.swift; sourceTree = "<group>"; };
		1871DACA1D269489002B6479 /* FireSystem.swift */ = {isa = PBXFileReference; fileEncoding = 4; lastKnownFileType = sourcecode.swift; path = FireSystem.swift; sourceTree = "<group>"; };
		1871DACC1D2695FA002B6479 /* huoqiu.jpg */ = {isa = PBXFileReference; lastKnownFileType = image.jpeg; path = huoqiu.jpg; sourceTree = "<group>"; };
		1871DACE1D27ABF8002B6479 /* Fire.swift */ = {isa = PBXFileReference; fileEncoding = 4; lastKnownFileType = sourcecode.swift; path = Fire.swift; sourceTree = "<group>"; };
		187886EF1D366ABE00F34F5A /* Starscream.xcodeproj */ = {isa = PBXFileReference; lastKnownFileType = "wrapper.pb-project"; name = Starscream.xcodeproj; path = "Starscream-master/Starscream.xcodeproj"; sourceTree = "<group>"; };
		187E306D1D191594008AB0A5 /* Map.swift */ = {isa = PBXFileReference; fileEncoding = 4; lastKnownFileType = sourcecode.swift; path = Map.swift; sourceTree = "<group>"; };
		187E306F1D192CA6008AB0A5 /* SecondGame.swift */ = {isa = PBXFileReference; fileEncoding = 4; lastKnownFileType = sourcecode.swift; path = SecondGame.swift; sourceTree = "<group>"; };
		187E30711D192D3C008AB0A5 /* Sheep.swift */ = {isa = PBXFileReference; fileEncoding = 4; lastKnownFileType = sourcecode.swift; path = Sheep.swift; sourceTree = "<group>"; };
		187E30731D1986A0008AB0A5 /* MoveComponent.swift */ = {isa = PBXFileReference; fileEncoding = 4; lastKnownFileType = sourcecode.swift; path = MoveComponent.swift; sourceTree = "<group>"; };
		187E30771D1A66E3008AB0A5 /* road.jpg */ = {isa = PBXFileReference; lastKnownFileType = image.jpeg; path = road.jpg; sourceTree = "<group>"; };
		1882BCF01D38BFF9003E1312 /* WallSystem.swift */ = {isa = PBXFileReference; fileEncoding = 4; lastKnownFileType = sourcecode.swift; path = WallSystem.swift; sourceTree = "<group>"; };
		1894EFF01D34B2CB00E7FAA9 /* ConfigureSkill.swift */ = {isa = PBXFileReference; fileEncoding = 4; lastKnownFileType = sourcecode.swift; path = ConfigureSkill.swift; sourceTree = "<group>"; };
		1894EFF21D34B89700E7FAA9 /* huoqiu.png */ = {isa = PBXFileReference; lastKnownFileType = image.png; path = huoqiu.png; sourceTree = "<group>"; };
		1894EFF31D34B89700E7FAA9 /* shuiqiu.png */ = {isa = PBXFileReference; lastKnownFileType = image.png; path = shuiqiu.png; sourceTree = "<group>"; };
		1894EFF41D34B89700E7FAA9 /* dianqiu.png */ = {isa = PBXFileReference; lastKnownFileType = image.png; path = dianqiu.png; sourceTree = "<group>"; };
		1894EFFA1D34CE3C00E7FAA9 /* Ball.swift */ = {isa = PBXFileReference; fileEncoding = 4; lastKnownFileType = sourcecode.swift; path = Ball.swift; sourceTree = "<group>"; };
		18A6178D1D365F8C006581B4 /* SwiftyJSON.xcodeproj */ = {isa = PBXFileReference; lastKnownFileType = "wrapper.pb-project"; name = SwiftyJSON.xcodeproj; path = "SwiftyJSON-master/SwiftyJSON.xcodeproj"; sourceTree = "<group>"; };
		18B086981D229D1300DBFBAD /* bianda@2x.png */ = {isa = PBXFileReference; lastKnownFileType = image.png; path = "bianda@2x.png"; sourceTree = "<group>"; };
		18B086991D229D1300DBFBAD /* bianda@3x.png */ = {isa = PBXFileReference; lastKnownFileType = image.png; path = "bianda@3x.png"; sourceTree = "<group>"; };
		18B0869A1D229D1300DBFBAD /* bianxiao@2x.png */ = {isa = PBXFileReference; lastKnownFileType = image.png; path = "bianxiao@2x.png"; sourceTree = "<group>"; };
		18B0869B1D229D1300DBFBAD /* bianxiao@3x.png */ = {isa = PBXFileReference; lastKnownFileType = image.png; path = "bianxiao@3x.png"; sourceTree = "<group>"; };
		18B0869C1D229D1300DBFBAD /* dingshen@2x.png */ = {isa = PBXFileReference; lastKnownFileType = image.png; path = "dingshen@2x.png"; sourceTree = "<group>"; };
		18B0869D1D229D1300DBFBAD /* dingshen@3x.png */ = {isa = PBXFileReference; lastKnownFileType = image.png; path = "dingshen@3x.png"; sourceTree = "<group>"; };
		18B0869E1D229D1300DBFBAD /* fenshen@2x.png */ = {isa = PBXFileReference; lastKnownFileType = image.png; path = "fenshen@2x.png"; sourceTree = "<group>"; };
		18B0869F1D229D1300DBFBAD /* fenshen@3x.png */ = {isa = PBXFileReference; lastKnownFileType = image.png; path = "fenshen@3x.png"; sourceTree = "<group>"; };
		18B086A01D229D1300DBFBAD /* jiasu@2x.png */ = {isa = PBXFileReference; lastKnownFileType = image.png; path = "jiasu@2x.png"; sourceTree = "<group>"; };
		18B086A11D229D1300DBFBAD /* jiasu@3x.png */ = {isa = PBXFileReference; lastKnownFileType = image.png; path = "jiasu@3x.png"; sourceTree = "<group>"; };
		18B086A21D229D1300DBFBAD /* wudi@2x.png */ = {isa = PBXFileReference; lastKnownFileType = image.png; path = "wudi@2x.png"; sourceTree = "<group>"; };
		18B086A31D229D1300DBFBAD /* wudi@3x.png */ = {isa = PBXFileReference; lastKnownFileType = image.png; path = "wudi@3x.png"; sourceTree = "<group>"; };
		18B086A41D229D1300DBFBAD /* wuyun@2x.png */ = {isa = PBXFileReference; lastKnownFileType = image.png; path = "wuyun@2x.png"; sourceTree = "<group>"; };
		18B086A51D229D1300DBFBAD /* wuyun@3x.png */ = {isa = PBXFileReference; lastKnownFileType = image.png; path = "wuyun@3x.png"; sourceTree = "<group>"; };
		18B086A61D229D1300DBFBAD /* xitieshi@2x.png */ = {isa = PBXFileReference; lastKnownFileType = image.png; path = "xitieshi@2x.png"; sourceTree = "<group>"; };
		18B086A71D229D1300DBFBAD /* xitieshi@3x.png */ = {isa = PBXFileReference; lastKnownFileType = image.png; path = "xitieshi@3x.png"; sourceTree = "<group>"; };
		18B086B81D229D2900DBFBAD /* huibianda@2x.png */ = {isa = PBXFileReference; lastKnownFileType = image.png; path = "huibianda@2x.png"; sourceTree = "<group>"; };
		18B086B91D229D2900DBFBAD /* huibianxiao@2x.png */ = {isa = PBXFileReference; lastKnownFileType = image.png; path = "huibianxiao@2x.png"; sourceTree = "<group>"; };
		18B086BA1D229D2900DBFBAD /* huicitie@2x.png */ = {isa = PBXFileReference; lastKnownFileType = image.png; path = "huicitie@2x.png"; sourceTree = "<group>"; };
		18B086BB1D229D2900DBFBAD /* huidingshen@2x.png */ = {isa = PBXFileReference; lastKnownFileType = image.png; path = "huidingshen@2x.png"; sourceTree = "<group>"; };
		18B086BC1D229D2900DBFBAD /* huijiasu@2x.png */ = {isa = PBXFileReference; lastKnownFileType = image.png; path = "huijiasu@2x.png"; sourceTree = "<group>"; };
		18B086BD1D229D2900DBFBAD /* huiwudi@2x.png */ = {isa = PBXFileReference; lastKnownFileType = image.png; path = "huiwudi@2x.png"; sourceTree = "<group>"; };
		18B086BE1D229D2900DBFBAD /* huiwuyun@2x.png */ = {isa = PBXFileReference; lastKnownFileType = image.png; path = "huiwuyun@2x.png"; sourceTree = "<group>"; };
		18B086C61D22AADC00DBFBAD /* zuanshi.png */ = {isa = PBXFileReference; lastKnownFileType = image.png; path = zuanshi.png; sourceTree = "<group>"; };
		18B1CB821D3F3FEE0065088C /* FTSynchronizingScene.swift */ = {isa = PBXFileReference; fileEncoding = 4; lastKnownFileType = sourcecode.swift; path = FTSynchronizingScene.swift; sourceTree = "<group>"; };
		18B1CB8F1D3F48850065088C /* loading.png */ = {isa = PBXFileReference; lastKnownFileType = image.png; path = loading.png; sourceTree = "<group>"; };
		18B1CB911D3F68A90065088C /* SaveSkillProtocal.swift */ = {isa = PBXFileReference; fileEncoding = 4; lastKnownFileType = sourcecode.swift; path = SaveSkillProtocal.swift; sourceTree = "<group>"; };
		18B62C921D30F89600C49EA3 /* BoomSystem.swift */ = {isa = PBXFileReference; fileEncoding = 4; lastKnownFileType = sourcecode.swift; path = BoomSystem.swift; sourceTree = "<group>"; };
		18BA0D3E1D1B9D6600B0272A /* flash.png */ = {isa = PBXFileReference; lastKnownFileType = image.png; path = flash.png; sourceTree = "<group>"; };
		18BA0D401D1BB50F00B0272A /* Setting.swift */ = {isa = PBXFileReference; fileEncoding = 4; lastKnownFileType = sourcecode.swift; path = Setting.swift; sourceTree = "<group>"; };
		18CA050B1D40FC6800C78B8B /* SmallView.swift */ = {isa = PBXFileReference; fileEncoding = 4; lastKnownFileType = sourcecode.swift; path = SmallView.swift; sourceTree = "<group>"; };
		18CA050D1D40FC6800C78B8B /* finishBackground.jpg */ = {isa = PBXFileReference; lastKnownFileType = image.jpeg; path = finishBackground.jpg; sourceTree = "<group>"; };
		18CE59701D437EDC009D7930 /* huangdi_dead_none.atlas */ = {isa = PBXFileReference; lastKnownFileType = folder.skatlas; path = huangdi_dead_none.atlas; sourceTree = "<group>"; };
		18CE59711D437EDC009D7930 /* huangdi_injured_none.atlas */ = {isa = PBXFileReference; lastKnownFileType = folder.skatlas; path = huangdi_injured_none.atlas; sourceTree = "<group>"; };
		18CE59721D437EDC009D7930 /* huangdi_rest_none.atlas */ = {isa = PBXFileReference; lastKnownFileType = folder.skatlas; path = huangdi_rest_none.atlas; sourceTree = "<group>"; };
		18CE59731D437EDC009D7930 /* huangdi_walk_down.atlas */ = {isa = PBXFileReference; lastKnownFileType = folder.skatlas; path = huangdi_walk_down.atlas; sourceTree = "<group>"; };
		18CE59741D437EDC009D7930 /* huangdi_walk_left.atlas */ = {isa = PBXFileReference; lastKnownFileType = folder.skatlas; path = huangdi_walk_left.atlas; sourceTree = "<group>"; };
		18CE59751D437EDC009D7930 /* huangdi_walk_right.atlas */ = {isa = PBXFileReference; lastKnownFileType = folder.skatlas; path = huangdi_walk_right.atlas; sourceTree = "<group>"; };
		18CE59761D437EDC009D7930 /* huangdi_walk_up.atlas */ = {isa = PBXFileReference; lastKnownFileType = folder.skatlas; path = huangdi_walk_up.atlas; sourceTree = "<group>"; };
		18CE59891D438174009D7930 /* FTFightPlayerRestState.swift */ = {isa = PBXFileReference; fileEncoding = 4; lastKnownFileType = sourcecode.swift; path = FTFightPlayerRestState.swift; sourceTree = "<group>"; };
		18CE598B1D43828C009D7930 /* FTFightPlayerWalkState.swift */ = {isa = PBXFileReference; fileEncoding = 4; lastKnownFileType = sourcecode.swift; path = FTFightPlayerWalkState.swift; sourceTree = "<group>"; };
		18CE598D1D4382B0009D7930 /* FTFightPlayerInjuredState.swift */ = {isa = PBXFileReference; fileEncoding = 4; lastKnownFileType = sourcecode.swift; path = FTFightPlayerInjuredState.swift; sourceTree = "<group>"; };
		18D810E21D37535F00551B00 /* GuanChuanHarm.swift */ = {isa = PBXFileReference; fileEncoding = 4; lastKnownFileType = sourcecode.swift; path = GuanChuanHarm.swift; sourceTree = "<group>"; };
		18D810EF1D37654900551B00 /* FTCellStandAbleDelegate.swift */ = {isa = PBXFileReference; fileEncoding = 4; lastKnownFileType = sourcecode.swift; name = FTCellStandAbleDelegate.swift; path = ../Map/FTCellStandAbleDelegate.swift; sourceTree = "<group>"; };
		18D810F11D37857E00551B00 /* wall.jpg */ = {isa = PBXFileReference; lastKnownFileType = image.jpeg; path = wall.jpg; sourceTree = "<group>"; };
		18D810F61D378B7400551B00 /* FTPlayerStateUI.swift */ = {isa = PBXFileReference; fileEncoding = 4; lastKnownFileType = sourcecode.swift; path = FTPlayerStateUI.swift; sourceTree = "<group>"; };
		18E6D8D91D41EBB70032F399 /* Animation.swift */ = {isa = PBXFileReference; fileEncoding = 4; lastKnownFileType = sourcecode.swift; path = Animation.swift; sourceTree = "<group>"; };
		18E6D8DC1D4215820032F399 /* StateMachine.swift */ = {isa = PBXFileReference; fileEncoding = 4; lastKnownFileType = sourcecode.swift; path = StateMachine.swift; sourceTree = "<group>"; };
		18E6D8DE1D42199C0032F399 /* State.swift */ = {isa = PBXFileReference; fileEncoding = 4; lastKnownFileType = sourcecode.swift; path = State.swift; sourceTree = "<group>"; };
		18E6D8E01D4230690032F399 /* FTSceneStartState.swift */ = {isa = PBXFileReference; fileEncoding = 4; lastKnownFileType = sourcecode.swift; path = FTSceneStartState.swift; sourceTree = "<group>"; };
		18E6D8E21D4230B80032F399 /* FTSceneFinishState.swift */ = {isa = PBXFileReference; fileEncoding = 4; lastKnownFileType = sourcecode.swift; path = FTSceneFinishState.swift; sourceTree = "<group>"; };
		18E7AC0F1D17B2740040B3B9 /* citie.atlas */ = {isa = PBXFileReference; lastKnownFileType = folder.skatlas; path = citie.atlas; sourceTree = "<group>"; };
		18E7AC131D17BACA0040B3B9 /* wudi.atlas */ = {isa = PBXFileReference; lastKnownFileType = folder.skatlas; path = wudi.atlas; sourceTree = "<group>"; };
		18F5B6C51D21580700D28F1F /* Cooldown.png */ = {isa = PBXFileReference; lastKnownFileType = image.png; path = Cooldown.png; sourceTree = "<group>"; };
/* End PBXFileReference section */

/* Begin PBXFrameworksBuildPhase section */
		18685D901D0AD0A200BCAE10 /* Frameworks */ = {
			isa = PBXFrameworksBuildPhase;
			buildActionMask = 2147483647;
			files = (
				1878870F1D366AF200F34F5A /* SwiftyJSON.framework in Frameworks */,
				1878870B1D366AEF00F34F5A /* Starscream.framework in Frameworks */,
			);
			runOnlyForDeploymentPostprocessing = 0;
		};
/* End PBXFrameworksBuildPhase section */

/* Begin PBXGroup section */
		180262B51D0FE0E500949B15 /* CommonFunc */ = {
			isa = PBXGroup;
			children = (
				180262B61D0FE10100949B15 /* CreateProduct.swift */,
				180262EE1D1298E100949B15 /* AddResource.swift */,
				180852D01D210BE900531183 /* CommonFunc.swift */,
			);
			path = CommonFunc;
			sourceTree = "<group>";
		};
		180262F21D13CBCE00949B15 /* AnimationResource */ = {
			isa = PBXGroup;
			children = (
				18CE59701D437EDC009D7930 /* huangdi_dead_none.atlas */,
				18CE59711D437EDC009D7930 /* huangdi_injured_none.atlas */,
				18CE59721D437EDC009D7930 /* huangdi_rest_none.atlas */,
				18CE59731D437EDC009D7930 /* huangdi_walk_down.atlas */,
				18CE59741D437EDC009D7930 /* huangdi_walk_left.atlas */,
				18CE59751D437EDC009D7930 /* huangdi_walk_right.atlas */,
				18CE59761D437EDC009D7930 /* huangdi_walk_up.atlas */,
				18E7AC131D17BACA0040B3B9 /* wudi.atlas */,
				18E7AC0F1D17B2740040B3B9 /* citie.atlas */,
				180263081D1400C100949B15 /* walkLeft.atlas */,
				180263091D1400C100949B15 /* walkRight.atlas */,
				180262FE1D13FF2500949B15 /* frozenLeft.atlas */,
				180262FF1D13FF2500949B15 /* frozenRight.atlas */,
			);
			name = AnimationResource;
			sourceTree = "<group>";
		};
		180796D21D2F899B0018CABC /* HarmArea */ = {
			isa = PBXGroup;
			children = (
				180796D31D2F89AE0018CABC /* HarmArea.swift */,
				18070EF71D3651C300A206DF /* SinglePointHarm.swift */,
				180796D51D2F8A5B0018CABC /* HengPaiHarm.swift */,
				180796D71D2F999D0018CABC /* HarmObj.swift */,
				18D810E21D37535F00551B00 /* GuanChuanHarm.swift */,
			);
			path = HarmArea;
			sourceTree = "<group>";
		};
		185D96071D2E1F3A0058636A /* network */ = {
			isa = PBXGroup;
			children = (
				182302351D3DF12200355935 /* BTCommand.swift */,
				182302361D3DF12200355935 /* BTMessage.swift */,
				1823021C1D3DF09300355935 /* BTHeartTick.swift */,
				182302241D3DF09300355935 /* SLBattleFieldNet.swift */,
				182302251D3DF09300355935 /* SLDataBaseNet.swift */,
				182302221D3DF09300355935 /* OCTModel.swift */,
				182302261D3DF09300355935 /* SLUser.swift */,
				1823021B1D3DF09300355935 /* BTCharacter.swift */,
			);
			path = network;
			sourceTree = "<group>";
		};
		18685D8A1D0AD0A200BCAE10 = {
			isa = PBXGroup;
			children = (
				187886EF1D366ABE00F34F5A /* Starscream.xcodeproj */,
				18A6178D1D365F8C006581B4 /* SwiftyJSON.xcodeproj */,
				18685D951D0AD0A200BCAE10 /* OctGame */,
				18685D941D0AD0A200BCAE10 /* Products */,
			);
			sourceTree = "<group>";
		};
		18685D941D0AD0A200BCAE10 /* Products */ = {
			isa = PBXGroup;
			children = (
				18685D931D0AD0A200BCAE10 /* OctGame.app */,
			);
			name = Products;
			sourceTree = "<group>";
		};
		18685D951D0AD0A200BCAE10 /* OctGame */ = {
			isa = PBXGroup;
			children = (
				18E6D8DB1D4215390032F399 /* StateMachine */,
				18E6D8CD1D41EB980032F399 /* Animation */,
				18CA04FF1D40FC6800C78B8B /* SmallView */,
				1868E6F41D37DD1400C5876F /* Building */,
				18D810F31D3786F600551B00 /* PlayerStateUI */,
				1894EFEF1D34B2B700E7FAA9 /* ConfigureSkill */,
				180796D21D2F899B0018CABC /* HarmArea */,
				18685DAF1D0AD0DE00BCAE10 /* Entities */,
				185D96071D2E1F3A0058636A /* network */,
				1871DAC71D269456002B6479 /* Skill */,
				1871DABE1D2675AB002B6479 /* protocol */,
				18685DBA1D0AD0DE00BCAE10 /* Scene */,
				187E306C1D191580008AB0A5 /* Map */,
				180262F21D13CBCE00949B15 /* AnimationResource */,
				180262B51D0FE0E500949B15 /* CommonFunc */,
				18685DCA1D0AED7500BCAE10 /* Setting */,
				18685DAC1D0AD0DE00BCAE10 /* Component */,
				18685DB11D0AD0DE00BCAE10 /* image */,
				18685DB61D0AD0DE00BCAE10 /* node */,
				18685DB81D0AD0DE00BCAE10 /* resource */,
				18685D9E1D0AD0A200BCAE10 /* Main.storyboard */,
				18685DA11D0AD0A200BCAE10 /* Assets.xcassets */,
				18685DA31D0AD0A200BCAE10 /* LaunchScreen.storyboard */,
				18685DA61D0AD0A200BCAE10 /* Info.plist */,
			);
			path = OctGame;
			sourceTree = "<group>";
		};
		18685DAC1D0AD0DE00BCAE10 /* Component */ = {
			isa = PBXGroup;
			children = (
				18685DAD1D0AD0DE00BCAE10 /* Component.swift */,
				18685DAE1D0AD0DE00BCAE10 /* SpriteComponent.swift */,
				180262B11D0FC8CA00949B15 /* MovementComponent.swift */,
				180262B81D111D5100949B15 /* MagnetComponent.swift */,
				180262BA1D1123DD00949B15 /* InvincibleComponent.swift */,
				180262BC1D1124DF00949B15 /* LargenMinifyComponent.swift */,
				180262BE1D11377A00949B15 /* HaltComponent.swift */,
				180262C41D11418B00949B15 /* DashComponent.swift */,
				180262C61D114BC000949B15 /* BlackCloudComponent;.swift */,
				180262C81D11847200949B15 /* FenshenComponent.swift */,
				180262F01D13C77A00949B15 /* AnimationComponent.swift */,
				187E30731D1986A0008AB0A5 /* MoveComponent.swift */,
			);
			path = Component;
			sourceTree = "<group>";
		};
		18685DAF1D0AD0DE00BCAE10 /* Entities */ = {
			isa = PBXGroup;
			children = (
				18685DB01D0AD0DE00BCAE10 /* Entity.swift */,
				180262AB1D0FC46500949B15 /* Player.swift */,
				180262B31D0FDB5900949B15 /* Zombie.swift */,
				180262CA1D1273C900949B15 /* FenShen.swift */,
				187E30711D192D3C008AB0A5 /* Sheep.swift */,
				180852CE1D20F4C900531183 /* Enemy.swift */,
				1871DABC1D2659BE002B6479 /* FightPlayer.swift */,
			);
			path = Entities;
			sourceTree = "<group>";
		};
		18685DB11D0AD0DE00BCAE10 /* image */ = {
			isa = PBXGroup;
			children = (
				18CA050D1D40FC6800C78B8B /* finishBackground.jpg */,
				18B1CB8F1D3F48850065088C /* loading.png */,
				18D810F11D37857E00551B00 /* wall.jpg */,
				1894EFF21D34B89700E7FAA9 /* huoqiu.png */,
				1894EFF31D34B89700E7FAA9 /* shuiqiu.png */,
				1894EFF41D34B89700E7FAA9 /* dianqiu.png */,
				180796CF1D2F890C0018CABC /* fangkuai2.png */,
				1871DACC1D2695FA002B6479 /* huoqiu.jpg */,
				1871DABA1D265365002B6479 /* fangkuai.png */,
				1871DAB61D264268002B6479 /* fightOne.jpg */,
				18B086C61D22AADC00DBFBAD /* zuanshi.png */,
				18B086B81D229D2900DBFBAD /* huibianda@2x.png */,
				18B086B91D229D2900DBFBAD /* huibianxiao@2x.png */,
				18B086BA1D229D2900DBFBAD /* huicitie@2x.png */,
				18B086BB1D229D2900DBFBAD /* huidingshen@2x.png */,
				18B086BC1D229D2900DBFBAD /* huijiasu@2x.png */,
				18B086BD1D229D2900DBFBAD /* huiwudi@2x.png */,
				18B086BE1D229D2900DBFBAD /* huiwuyun@2x.png */,
				18B086981D229D1300DBFBAD /* bianda@2x.png */,
				18B086991D229D1300DBFBAD /* bianda@3x.png */,
				18B0869A1D229D1300DBFBAD /* bianxiao@2x.png */,
				18B0869B1D229D1300DBFBAD /* bianxiao@3x.png */,
				18B0869C1D229D1300DBFBAD /* dingshen@2x.png */,
				18B0869D1D229D1300DBFBAD /* dingshen@3x.png */,
				18B0869E1D229D1300DBFBAD /* fenshen@2x.png */,
				18B0869F1D229D1300DBFBAD /* fenshen@3x.png */,
				18B086A01D229D1300DBFBAD /* jiasu@2x.png */,
				18B086A11D229D1300DBFBAD /* jiasu@3x.png */,
				18B086A21D229D1300DBFBAD /* wudi@2x.png */,
				18B086A31D229D1300DBFBAD /* wudi@3x.png */,
				18B086A41D229D1300DBFBAD /* wuyun@2x.png */,
				18B086A51D229D1300DBFBAD /* wuyun@3x.png */,
				18B086A61D229D1300DBFBAD /* xitieshi@2x.png */,
				18B086A71D229D1300DBFBAD /* xitieshi@3x.png */,
				18F5B6C51D21580700D28F1F /* Cooldown.png */,
				180852CC1D20F48C00531183 /* enemy.jpg */,
				18BA0D3E1D1B9D6600B0272A /* flash.png */,
				187E30771D1A66E3008AB0A5 /* road.jpg */,
				185CDEAC1D154A6B00D6499E /* laodaoshi.png */,
				185CDEAA1D154A5E00D6499E /* laojiangshi_left.png */,
				185CDEA81D152A5C00D6499E /* dawuyun@2x.png */,
				180262EC1D12853800949B15 /* boom.png */,
				180262AD1D0FC4A700949B15 /* qian.png */,
				180262AE1D0FC4A700949B15 /* zhujiao.png */,
				18685DB21D0AD0DE00BCAE10 /* begin.jpg */,
				18685DB31D0AD0DE00BCAE10 /* jjc.jpg */,
				18685DB41D0AD0DE00BCAE10 /* 嘟嘟.png */,
				18685DB51D0AD0DE00BCAE10 /* 开始界面.jpg */,
			);
			path = image;
			sourceTree = "<group>";
		};
		18685DB61D0AD0DE00BCAE10 /* node */ = {
			isa = PBXGroup;
			children = (
				18685DB71D0AD0DE00BCAE10 /* SpriteButton.swift */,
				183003E01D22404200F66865 /* SKProgressNode.swift */,
			);
			path = node;
			sourceTree = "<group>";
		};
		18685DB81D0AD0DE00BCAE10 /* resource */ = {
			isa = PBXGroup;
			children = (
				18685D961D0AD0A200BCAE10 /* AppDelegate.swift */,
				18685D981D0AD0A200BCAE10 /* GameScene.sks */,
				18685D9A1D0AD0A200BCAE10 /* GameScene.swift */,
				18685DB91D0AD0DE00BCAE10 /* GameGlodVC.swift */,
				1871DAB21D263908002B6479 /* GameFightVC.swift */,
				182302021D3CBD8100355935 /* GameStartVC.swift */,
			);
			path = resource;
			sourceTree = "<group>";
		};
		18685DBA1D0AD0DE00BCAE10 /* Scene */ = {
			isa = PBXGroup;
			children = (
				18685DBB1D0AD0DE00BCAE10 /* BaseScene.swift */,
				18685DBC1D0AD0DE00BCAE10 /* BeginScene.swift */,
				18685DBD1D0AD0DE00BCAE10 /* MainScene.swift */,
				187E306F1D192CA6008AB0A5 /* SecondGame.swift */,
				183003DE1D223B8900F66865 /* TextScene.swift */,
				1871DAB41D263C8F002B6479 /* FightScene.swift */,
				186066A71D2A7010004163D3 /* FightSceneWSDelegate.swift */,
				182301F51D3CB1FB00355935 /* FTMatchScene.swift */,
				18B1CB821D3F3FEE0065088C /* FTSynchronizingScene.swift */,
			);
			path = Scene;
			sourceTree = "<group>";
		};
		18685DCA1D0AED7500BCAE10 /* Setting */ = {
			isa = PBXGroup;
			children = (
				18685DCB1D0AEDF500BCAE10 /* SetSpriteLevel.swift */,
				18BA0D401D1BB50F00B0272A /* Setting.swift */,
			);
			path = Setting;
			sourceTree = "<group>";
		};
		1868E6F41D37DD1400C5876F /* Building */ = {
			isa = PBXGroup;
			children = (
				1868E7001D37DD2700C5876F /* Wall.swift */,
				1868E7021D37DD4D00C5876F /* Building.swift */,
			);
			path = Building;
			sourceTree = "<group>";
		};
		1871DABE1D2675AB002B6479 /* protocol */ = {
			isa = PBXGroup;
			children = (
				1871DABF1D267657002B6479 /* OnlineGameConvertable.swift */,
				185EBF3D1D3E367300E55747 /* AttackProtocal.swift */,
				18D810EF1D37654900551B00 /* FTCellStandAbleDelegate.swift */,
				18B1CB911D3F68A90065088C /* SaveSkillProtocal.swift */,
			);
			path = protocol;
			sourceTree = "<group>";
		};
		1871DAC71D269456002B6479 /* Skill */ = {
			isa = PBXGroup;
			children = (
				1871DAC81D269463002B6479 /* SkillSystem.swift */,
				1871DACA1D269489002B6479 /* FireSystem.swift */,
				1871DACE1D27ABF8002B6479 /* Fire.swift */,
				180796D91D2FC5E20018CABC /* SkillSprite.swift */,
				180796DB1D2FD44F0018CABC /* Boom.swift */,
				18B62C921D30F89600C49EA3 /* BoomSystem.swift */,
				1882BCF01D38BFF9003E1312 /* WallSystem.swift */,
			);
			path = Skill;
			sourceTree = "<group>";
		};
		187886F01D366ABE00F34F5A /* Products */ = {
			isa = PBXGroup;
			children = (
				187886F91D366ABE00F34F5A /* Starscream.framework */,
				187886FB1D366ABE00F34F5A /* Starscream iOSTests.xctest */,
				187886FD1D366ABE00F34F5A /* Starscream.framework */,
				187886FF1D366ABE00F34F5A /* Starscream OSXTests.xctest */,
				187887011D366ABE00F34F5A /* Starscream.framework */,
				187887031D366ABE00F34F5A /* Starscream tvOSTests.xctest */,
			);
			name = Products;
			sourceTree = "<group>";
		};
		187E306C1D191580008AB0A5 /* Map */ = {
			isa = PBXGroup;
			children = (
				187E306D1D191594008AB0A5 /* Map.swift */,
				1871DAB81D2642C3002B6479 /* FightMap.swift */,
				184334851D2A9A9800057462 /* FTMapCell.swift */,
			);
			path = Map;
			sourceTree = "<group>";
		};
		1894EFEF1D34B2B700E7FAA9 /* ConfigureSkill */ = {
			isa = PBXGroup;
			children = (
				1894EFF01D34B2CB00E7FAA9 /* ConfigureSkill.swift */,
				1894EFFA1D34CE3C00E7FAA9 /* Ball.swift */,
			);
			path = ConfigureSkill;
			sourceTree = "<group>";
		};
		18A6178E1D365F8C006581B4 /* Products */ = {
			isa = PBXGroup;
			children = (
				18A617981D365F8C006581B4 /* SwiftyJSON.framework */,
				18A6179A1D365F8C006581B4 /* SwiftyJSON iOS Tests.xctest */,
				18A6179C1D365F8C006581B4 /* SwiftyJSON.framework */,
				18A6179E1D365F8C006581B4 /* SwiftyJSON OSX Tests.xctest */,
				18A617A01D365F8C006581B4 /* SwiftyJSON.framework */,
				18A617A21D365F8C006581B4 /* SwiftyJSON.framework */,
				18A617A41D365F8C006581B4 /* SwiftyJSON tvOS Tests.xctest */,
			);
			name = Products;
			sourceTree = "<group>";
		};
		18CA04FF1D40FC6800C78B8B /* SmallView */ = {
			isa = PBXGroup;
			children = (
				18CA050B1D40FC6800C78B8B /* SmallView.swift */,
			);
			path = SmallView;
			sourceTree = "<group>";
		};
		18D810F31D3786F600551B00 /* PlayerStateUI */ = {
			isa = PBXGroup;
			children = (
				18D810F61D378B7400551B00 /* FTPlayerStateUI.swift */,
			);
			path = PlayerStateUI;
			sourceTree = "<group>";
		};
		18E6D8CD1D41EB980032F399 /* Animation */ = {
			isa = PBXGroup;
			children = (
				18E6D8D91D41EBB70032F399 /* Animation.swift */,
			);
			path = Animation;
			sourceTree = "<group>";
		};
		18E6D8DB1D4215390032F399 /* StateMachine */ = {
			isa = PBXGroup;
			children = (
				18E6D8DC1D4215820032F399 /* StateMachine.swift */,
				18E6D8DE1D42199C0032F399 /* State.swift */,
				18E6D8E01D4230690032F399 /* FTSceneStartState.swift */,
				18E6D8E21D4230B80032F399 /* FTSceneFinishState.swift */,
				18CE59891D438174009D7930 /* FTFightPlayerRestState.swift */,
				18CE598B1D43828C009D7930 /* FTFightPlayerWalkState.swift */,
				18CE598D1D4382B0009D7930 /* FTFightPlayerInjuredState.swift */,
			);
			path = StateMachine;
			sourceTree = "<group>";
		};
/* End PBXGroup section */

/* Begin PBXNativeTarget section */
		18685D921D0AD0A200BCAE10 /* OctGame */ = {
			isa = PBXNativeTarget;
			buildConfigurationList = 18685DA91D0AD0A200BCAE10 /* Build configuration list for PBXNativeTarget "OctGame" */;
			buildPhases = (
				18685D8F1D0AD0A200BCAE10 /* Sources */,
				18685D901D0AD0A200BCAE10 /* Frameworks */,
				18685D911D0AD0A200BCAE10 /* Resources */,
				184334841D2A875B00057462 /* Embed Frameworks */,
			);
			buildRules = (
			);
			dependencies = (
				1878870E1D366AEF00F34F5A /* PBXTargetDependency */,
				187887121D366AF200F34F5A /* PBXTargetDependency */,
			);
			name = OctGame;
			productName = OctGame;
			productReference = 18685D931D0AD0A200BCAE10 /* OctGame.app */;
			productType = "com.apple.product-type.application";
		};
/* End PBXNativeTarget section */

/* Begin PBXProject section */
		18685D8B1D0AD0A200BCAE10 /* Project object */ = {
			isa = PBXProject;
			attributes = {
				LastSwiftUpdateCheck = 0720;
				LastUpgradeCheck = 0720;
				ORGANIZATIONNAME = oct;
				TargetAttributes = {
					18685D921D0AD0A200BCAE10 = {
						CreatedOnToolsVersion = 7.2.1;
						DevelopmentTeam = UMGF38E32P;
						LastSwiftMigration = 0800;
					};
				};
			};
			buildConfigurationList = 18685D8E1D0AD0A200BCAE10 /* Build configuration list for PBXProject "OctGame" */;
			compatibilityVersion = "Xcode 3.2";
			developmentRegion = English;
			hasScannedForEncodings = 0;
			knownRegions = (
				en,
				Base,
			);
			mainGroup = 18685D8A1D0AD0A200BCAE10;
			productRefGroup = 18685D941D0AD0A200BCAE10 /* Products */;
			projectDirPath = "";
			projectReferences = (
				{
					ProductGroup = 187886F01D366ABE00F34F5A /* Products */;
					ProjectRef = 187886EF1D366ABE00F34F5A /* Starscream.xcodeproj */;
				},
				{
					ProductGroup = 18A6178E1D365F8C006581B4 /* Products */;
					ProjectRef = 18A6178D1D365F8C006581B4 /* SwiftyJSON.xcodeproj */;
				},
			);
			projectRoot = "";
			targets = (
				18685D921D0AD0A200BCAE10 /* OctGame */,
			);
		};
/* End PBXProject section */

/* Begin PBXReferenceProxy section */
		187886F91D366ABE00F34F5A /* Starscream.framework */ = {
			isa = PBXReferenceProxy;
			fileType = wrapper.framework;
			path = Starscream.framework;
			remoteRef = 187886F81D366ABE00F34F5A /* PBXContainerItemProxy */;
			sourceTree = BUILT_PRODUCTS_DIR;
		};
		187886FB1D366ABE00F34F5A /* Starscream iOSTests.xctest */ = {
			isa = PBXReferenceProxy;
			fileType = wrapper.cfbundle;
			path = "Starscream iOSTests.xctest";
			remoteRef = 187886FA1D366ABE00F34F5A /* PBXContainerItemProxy */;
			sourceTree = BUILT_PRODUCTS_DIR;
		};
		187886FD1D366ABE00F34F5A /* Starscream.framework */ = {
			isa = PBXReferenceProxy;
			fileType = wrapper.framework;
			path = Starscream.framework;
			remoteRef = 187886FC1D366ABE00F34F5A /* PBXContainerItemProxy */;
			sourceTree = BUILT_PRODUCTS_DIR;
		};
		187886FF1D366ABE00F34F5A /* Starscream OSXTests.xctest */ = {
			isa = PBXReferenceProxy;
			fileType = wrapper.cfbundle;
			path = "Starscream OSXTests.xctest";
			remoteRef = 187886FE1D366ABE00F34F5A /* PBXContainerItemProxy */;
			sourceTree = BUILT_PRODUCTS_DIR;
		};
		187887011D366ABE00F34F5A /* Starscream.framework */ = {
			isa = PBXReferenceProxy;
			fileType = wrapper.framework;
			path = Starscream.framework;
			remoteRef = 187887001D366ABE00F34F5A /* PBXContainerItemProxy */;
			sourceTree = BUILT_PRODUCTS_DIR;
		};
		187887031D366ABE00F34F5A /* Starscream tvOSTests.xctest */ = {
			isa = PBXReferenceProxy;
			fileType = wrapper.cfbundle;
			path = "Starscream tvOSTests.xctest";
			remoteRef = 187887021D366ABE00F34F5A /* PBXContainerItemProxy */;
			sourceTree = BUILT_PRODUCTS_DIR;
		};
		18A617981D365F8C006581B4 /* SwiftyJSON.framework */ = {
			isa = PBXReferenceProxy;
			fileType = wrapper.framework;
			path = SwiftyJSON.framework;
			remoteRef = 18A617971D365F8C006581B4 /* PBXContainerItemProxy */;
			sourceTree = BUILT_PRODUCTS_DIR;
		};
		18A6179A1D365F8C006581B4 /* SwiftyJSON iOS Tests.xctest */ = {
			isa = PBXReferenceProxy;
			fileType = wrapper.cfbundle;
			path = "SwiftyJSON iOS Tests.xctest";
			remoteRef = 18A617991D365F8C006581B4 /* PBXContainerItemProxy */;
			sourceTree = BUILT_PRODUCTS_DIR;
		};
		18A6179C1D365F8C006581B4 /* SwiftyJSON.framework */ = {
			isa = PBXReferenceProxy;
			fileType = wrapper.framework;
			path = SwiftyJSON.framework;
			remoteRef = 18A6179B1D365F8C006581B4 /* PBXContainerItemProxy */;
			sourceTree = BUILT_PRODUCTS_DIR;
		};
		18A6179E1D365F8C006581B4 /* SwiftyJSON OSX Tests.xctest */ = {
			isa = PBXReferenceProxy;
			fileType = wrapper.cfbundle;
			path = "SwiftyJSON OSX Tests.xctest";
			remoteRef = 18A6179D1D365F8C006581B4 /* PBXContainerItemProxy */;
			sourceTree = BUILT_PRODUCTS_DIR;
		};
		18A617A01D365F8C006581B4 /* SwiftyJSON.framework */ = {
			isa = PBXReferenceProxy;
			fileType = wrapper.framework;
			path = SwiftyJSON.framework;
			remoteRef = 18A6179F1D365F8C006581B4 /* PBXContainerItemProxy */;
			sourceTree = BUILT_PRODUCTS_DIR;
		};
		18A617A21D365F8C006581B4 /* SwiftyJSON.framework */ = {
			isa = PBXReferenceProxy;
			fileType = wrapper.framework;
			path = SwiftyJSON.framework;
			remoteRef = 18A617A11D365F8C006581B4 /* PBXContainerItemProxy */;
			sourceTree = BUILT_PRODUCTS_DIR;
		};
		18A617A41D365F8C006581B4 /* SwiftyJSON tvOS Tests.xctest */ = {
			isa = PBXReferenceProxy;
			fileType = wrapper.cfbundle;
			path = "SwiftyJSON tvOS Tests.xctest";
			remoteRef = 18A617A31D365F8C006581B4 /* PBXContainerItemProxy */;
			sourceTree = BUILT_PRODUCTS_DIR;
		};
/* End PBXReferenceProxy section */

/* Begin PBXResourcesBuildPhase section */
		18685D911D0AD0A200BCAE10 /* Resources */ = {
			isa = PBXResourcesBuildPhase;
			buildActionMask = 2147483647;
			files = (
				18685DC41D0AD0DE00BCAE10 /* 开始界面.jpg in Resources */,
				18B086C21D229D2900DBFBAD /* huidingshen@2x.png in Resources */,
				18685D991D0AD0A200BCAE10 /* GameScene.sks in Resources */,
				180852CD1D20F48C00531183 /* enemy.jpg in Resources */,
				18B086AC1D229D1300DBFBAD /* dingshen@2x.png in Resources */,
				18B086B71D229D1300DBFBAD /* xitieshi@3x.png in Resources */,
				18CE597C1D437EDC009D7930 /* huangdi_walk_right.atlas in Resources */,
				18B086C41D229D2900DBFBAD /* huiwudi@2x.png in Resources */,
				18B086BF1D229D2900DBFBAD /* huibianda@2x.png in Resources */,
				180262AF1D0FC4A700949B15 /* qian.png in Resources */,
				18B086AD1D229D1300DBFBAD /* dingshen@3x.png in Resources */,
				18B086B61D229D1300DBFBAD /* xitieshi@2x.png in Resources */,
				18685DA51D0AD0A200BCAE10 /* LaunchScreen.storyboard in Resources */,
				18B086AA1D229D1300DBFBAD /* bianxiao@2x.png in Resources */,
				18685DA21D0AD0A200BCAE10 /* Assets.xcassets in Resources */,
				18B086A91D229D1300DBFBAD /* bianda@3x.png in Resources */,
				185CDEAB1D154A5E00D6499E /* laojiangshi_left.png in Resources */,
				187E30781D1A66E3008AB0A5 /* road.jpg in Resources */,
				18B086B11D229D1300DBFBAD /* jiasu@3x.png in Resources */,
				18B086B21D229D1300DBFBAD /* wudi@2x.png in Resources */,
				180263051D13FF2500949B15 /* frozenRight.atlas in Resources */,
				18CA050E1D40FC6800C78B8B /* finishBackground.jpg in Resources */,
				1802630B1D1400C100949B15 /* walkRight.atlas in Resources */,
				18B086C31D229D2900DBFBAD /* huijiasu@2x.png in Resources */,
				18B086B41D229D1300DBFBAD /* wuyun@2x.png in Resources */,
				185CDEAD1D154A6B00D6499E /* laodaoshi.png in Resources */,
				18B086C51D229D2900DBFBAD /* huiwuyun@2x.png in Resources */,
				1871DACD1D2695FA002B6479 /* huoqiu.jpg in Resources */,
				1894EFF61D34B89700E7FAA9 /* shuiqiu.png in Resources */,
				18B086B01D229D1300DBFBAD /* jiasu@2x.png in Resources */,
				18685DC21D0AD0DE00BCAE10 /* jjc.jpg in Resources */,
				18CE59791D437EDC009D7930 /* huangdi_rest_none.atlas in Resources */,
				180262ED1D12853800949B15 /* boom.png in Resources */,
				18B1CB901D3F48850065088C /* loading.png in Resources */,
				18E7AC101D17B2740040B3B9 /* citie.atlas in Resources */,
				1871DAB71D264268002B6479 /* fightOne.jpg in Resources */,
				18B086C11D229D2900DBFBAD /* huicitie@2x.png in Resources */,
				18BA0D3F1D1B9D6600B0272A /* flash.png in Resources */,
				18B086AF1D229D1300DBFBAD /* fenshen@3x.png in Resources */,
				18B086C71D22AADC00DBFBAD /* zuanshi.png in Resources */,
				18E7AC141D17BACA0040B3B9 /* wudi.atlas in Resources */,
				18B086C01D229D2900DBFBAD /* huibianxiao@2x.png in Resources */,
				18B086AE1D229D1300DBFBAD /* fenshen@2x.png in Resources */,
				18CE597D1D437EDC009D7930 /* huangdi_walk_up.atlas in Resources */,
				1871DABB1D265365002B6479 /* fangkuai.png in Resources */,
				18CE597B1D437EDC009D7930 /* huangdi_walk_left.atlas in Resources */,
				18685DA01D0AD0A200BCAE10 /* Main.storyboard in Resources */,
				180796D01D2F890C0018CABC /* fangkuai2.png in Resources */,
				185CDEA91D152A5C00D6499E /* dawuyun@2x.png in Resources */,
				1894EFF51D34B89700E7FAA9 /* huoqiu.png in Resources */,
				18B086AB1D229D1300DBFBAD /* bianxiao@3x.png in Resources */,
				1802630A1D1400C100949B15 /* walkLeft.atlas in Resources */,
				1894EFF71D34B89700E7FAA9 /* dianqiu.png in Resources */,
				180263041D13FF2500949B15 /* frozenLeft.atlas in Resources */,
				18685DC31D0AD0DE00BCAE10 /* 嘟嘟.png in Resources */,
				180262B01D0FC4A700949B15 /* zhujiao.png in Resources */,
				18CE597A1D437EDC009D7930 /* huangdi_walk_down.atlas in Resources */,
				18F5B6C61D21580700D28F1F /* Cooldown.png in Resources */,
				18B086A81D229D1300DBFBAD /* bianda@2x.png in Resources */,
				18B086B31D229D1300DBFBAD /* wudi@3x.png in Resources */,
				18B086B51D229D1300DBFBAD /* wuyun@3x.png in Resources */,
				18CE59781D437EDC009D7930 /* huangdi_injured_none.atlas in Resources */,
				18685DC11D0AD0DE00BCAE10 /* begin.jpg in Resources */,
				18D810F21D37857E00551B00 /* wall.jpg in Resources */,
				18CE59771D437EDC009D7930 /* huangdi_dead_none.atlas in Resources */,
			);
			runOnlyForDeploymentPostprocessing = 0;
		};
/* End PBXResourcesBuildPhase section */

/* Begin PBXSourcesBuildPhase section */
		18685D8F1D0AD0A200BCAE10 /* Sources */ = {
			isa = PBXSourcesBuildPhase;
			buildActionMask = 2147483647;
			files = (
				180852D11D210BE900531183 /* CommonFunc.swift in Sources */,
				18685D9B1D0AD0A200BCAE10 /* GameScene.swift in Sources */,
				18070EF81D3651C300A206DF /* SinglePointHarm.swift in Sources */,
				187E30741D1986A0008AB0A5 /* MoveComponent.swift in Sources */,
				1882BCF11D38BFF9003E1312 /* WallSystem.swift in Sources */,
				180796DA1D2FC5E20018CABC /* SkillSprite.swift in Sources */,
				180262C71D114BC000949B15 /* BlackCloudComponent;.swift in Sources */,
				187E306E1D191594008AB0A5 /* Map.swift in Sources */,
				1868E7031D37DD4D00C5876F /* Building.swift in Sources */,
				180796DC1D2FD44F0018CABC /* Boom.swift in Sources */,
				187E30701D192CA6008AB0A5 /* SecondGame.swift in Sources */,
				1894EFF11D34B2CC00E7FAA9 /* ConfigureSkill.swift in Sources */,
				180262CB1D1273C900949B15 /* FenShen.swift in Sources */,
				18CE598E1D4382B0009D7930 /* FTFightPlayerInjuredState.swift in Sources */,
				186066A81D2A7010004163D3 /* FightSceneWSDelegate.swift in Sources */,
				180262BB1D1123DD00949B15 /* InvincibleComponent.swift in Sources */,
				183003E11D22404200F66865 /* SKProgressNode.swift in Sources */,
				180796D41D2F89AE0018CABC /* HarmArea.swift in Sources */,
				184334861D2A9A9800057462 /* FTMapCell.swift in Sources */,
				18685DCC1D0AEDF500BCAE10 /* SetSpriteLevel.swift in Sources */,
				18E6D8E31D4230B80032F399 /* FTSceneFinishState.swift in Sources */,
				187E30721D192D3C008AB0A5 /* Sheep.swift in Sources */,
				18685DC91D0AD0DE00BCAE10 /* MainScene.swift in Sources */,
				182302331D3DF09300355935 /* SLUser.swift in Sources */,
				180262F11D13C77A00949B15 /* AnimationComponent.swift in Sources */,
				1871DABD1D2659BE002B6479 /* FightPlayer.swift in Sources */,
				18685DC71D0AD0DE00BCAE10 /* BaseScene.swift in Sources */,
				182301F61D3CB1FB00355935 /* FTMatchScene.swift in Sources */,
				18E6D8E11D4230690032F399 /* FTSceneStartState.swift in Sources */,
				182302371D3DF12200355935 /* BTCommand.swift in Sources */,
				182302321D3DF09300355935 /* SLDataBaseNet.swift in Sources */,
				18B1CB921D3F68A90065088C /* SaveSkillProtocal.swift in Sources */,
				1871DACB1D269489002B6479 /* FireSystem.swift in Sources */,
				180262EF1D1298E100949B15 /* AddResource.swift in Sources */,
				1868E7011D37DD2700C5876F /* Wall.swift in Sources */,
				180262AC1D0FC46500949B15 /* Player.swift in Sources */,
				1894EFFB1D34CE3C00E7FAA9 /* Ball.swift in Sources */,
				18685DC51D0AD0DE00BCAE10 /* SpriteButton.swift in Sources */,
				18685DBF1D0AD0DE00BCAE10 /* SpriteComponent.swift in Sources */,
				18B62C931D30F89600C49EA3 /* BoomSystem.swift in Sources */,
				180262BD1D1124DF00949B15 /* LargenMinifyComponent.swift in Sources */,
				1871DAB91D2642C3002B6479 /* FightMap.swift in Sources */,
				180796D61D2F8A5B0018CABC /* HengPaiHarm.swift in Sources */,
				18B1CB831D3F3FEE0065088C /* FTSynchronizingScene.swift in Sources */,
				180852CF1D20F4C900531183 /* Enemy.swift in Sources */,
				183003DF1D223B8900F66865 /* TextScene.swift in Sources */,
				18CE598C1D43828C009D7930 /* FTFightPlayerWalkState.swift in Sources */,
				185EBF3E1D3E367300E55747 /* AttackProtocal.swift in Sources */,
				182302311D3DF09300355935 /* SLBattleFieldNet.swift in Sources */,
				18D810F71D378B7400551B00 /* FTPlayerStateUI.swift in Sources */,
				18685DC01D0AD0DE00BCAE10 /* Entity.swift in Sources */,
				18685DC61D0AD0DE00BCAE10 /* GameGlodVC.swift in Sources */,
				1871DAB51D263C8F002B6479 /* FightScene.swift in Sources */,
				180262B21D0FC8CA00949B15 /* MovementComponent.swift in Sources */,
				18BA0D411D1BB50F00B0272A /* Setting.swift in Sources */,
				18D810E31D37535F00551B00 /* GuanChuanHarm.swift in Sources */,
				180262C91D11847200949B15 /* FenshenComponent.swift in Sources */,
				182302381D3DF12200355935 /* BTMessage.swift in Sources */,
				1823022F1D3DF09300355935 /* OCTModel.swift in Sources */,
				18685DC81D0AD0DE00BCAE10 /* BeginScene.swift in Sources */,
				1871DACF1D27ABF8002B6479 /* Fire.swift in Sources */,
				180262BF1D11377A00949B15 /* HaltComponent.swift in Sources */,
				18685DBE1D0AD0DE00BCAE10 /* Component.swift in Sources */,
				18685D971D0AD0A200BCAE10 /* AppDelegate.swift in Sources */,
				1871DAC01D267657002B6479 /* OnlineGameConvertable.swift in Sources */,
				180262B41D0FDB5900949B15 /* Zombie.swift in Sources */,
				180262C51D11418B00949B15 /* DashComponent.swift in Sources */,
				180262B71D0FE10100949B15 /* CreateProduct.swift in Sources */,
				182302291D3DF09300355935 /* BTHeartTick.swift in Sources */,
				18CA050C1D40FC6800C78B8B /* SmallView.swift in Sources */,
				1871DAC91D269463002B6479 /* SkillSystem.swift in Sources */,
				18E6D8DF1D42199C0032F399 /* State.swift in Sources */,
				18D810F01D37654900551B00 /* FTCellStandAbleDelegate.swift in Sources */,
				18E6D8DA1D41EBB70032F399 /* Animation.swift in Sources */,
				182302281D3DF09300355935 /* BTCharacter.swift in Sources */,
				182302031D3CBD8100355935 /* GameStartVC.swift in Sources */,
				180262B91D111D5100949B15 /* MagnetComponent.swift in Sources */,
				18CE598A1D438174009D7930 /* FTFightPlayerRestState.swift in Sources */,
				180796D81D2F999D0018CABC /* HarmObj.swift in Sources */,
				18E6D8DD1D4215820032F399 /* StateMachine.swift in Sources */,
				1871DAB31D263908002B6479 /* GameFightVC.swift in Sources */,
			);
			runOnlyForDeploymentPostprocessing = 0;
		};
/* End PBXSourcesBuildPhase section */

/* Begin PBXTargetDependency section */
		1878870E1D366AEF00F34F5A /* PBXTargetDependency */ = {
			isa = PBXTargetDependency;
			name = "Starscream iOS";
			targetProxy = 1878870D1D366AEF00F34F5A /* PBXContainerItemProxy */;
		};
		187887121D366AF200F34F5A /* PBXTargetDependency */ = {
			isa = PBXTargetDependency;
			name = "SwiftyJSON iOS";
			targetProxy = 187887111D366AF200F34F5A /* PBXContainerItemProxy */;
		};
/* End PBXTargetDependency section */

/* Begin PBXVariantGroup section */
		18685D9E1D0AD0A200BCAE10 /* Main.storyboard */ = {
			isa = PBXVariantGroup;
			children = (
				18685D9F1D0AD0A200BCAE10 /* Base */,
			);
			name = Main.storyboard;
			sourceTree = "<group>";
		};
		18685DA31D0AD0A200BCAE10 /* LaunchScreen.storyboard */ = {
			isa = PBXVariantGroup;
			children = (
				18685DA41D0AD0A200BCAE10 /* Base */,
			);
			name = LaunchScreen.storyboard;
			sourceTree = "<group>";
		};
/* End PBXVariantGroup section */

/* Begin XCBuildConfiguration section */
		18685DA71D0AD0A200BCAE10 /* Debug */ = {
			isa = XCBuildConfiguration;
			buildSettings = {
				ALWAYS_SEARCH_USER_PATHS = NO;
				CLANG_CXX_LANGUAGE_STANDARD = "gnu++0x";
				CLANG_CXX_LIBRARY = "libc++";
				CLANG_ENABLE_MODULES = YES;
				CLANG_ENABLE_OBJC_ARC = YES;
				CLANG_WARN_BOOL_CONVERSION = YES;
				CLANG_WARN_CONSTANT_CONVERSION = YES;
				CLANG_WARN_DIRECT_OBJC_ISA_USAGE = YES_ERROR;
				CLANG_WARN_EMPTY_BODY = YES;
				CLANG_WARN_ENUM_CONVERSION = YES;
				CLANG_WARN_INT_CONVERSION = YES;
				CLANG_WARN_OBJC_ROOT_CLASS = YES_ERROR;
				CLANG_WARN_UNREACHABLE_CODE = YES;
				CLANG_WARN__DUPLICATE_METHOD_MATCH = YES;
				"CODE_SIGN_IDENTITY[sdk=iphoneos*]" = "iPhone Developer";
				COPY_PHASE_STRIP = NO;
				DEBUG_INFORMATION_FORMAT = "dwarf-with-dsym";
				ENABLE_STRICT_OBJC_MSGSEND = YES;
				ENABLE_TESTABILITY = YES;
				GCC_C_LANGUAGE_STANDARD = gnu99;
				GCC_DYNAMIC_NO_PIC = NO;
				GCC_NO_COMMON_BLOCKS = YES;
				GCC_OPTIMIZATION_LEVEL = 0;
				GCC_PREPROCESSOR_DEFINITIONS = (
					"DEBUG=1",
					"$(inherited)",
				);
				GCC_WARN_64_TO_32_BIT_CONVERSION = YES;
				GCC_WARN_ABOUT_RETURN_TYPE = YES_ERROR;
				GCC_WARN_UNDECLARED_SELECTOR = YES;
				GCC_WARN_UNINITIALIZED_AUTOS = YES_AGGRESSIVE;
				GCC_WARN_UNUSED_FUNCTION = YES;
				GCC_WARN_UNUSED_VARIABLE = YES;
				IPHONEOS_DEPLOYMENT_TARGET = 8.1;
				MTL_ENABLE_DEBUG_INFO = YES;
				ONLY_ACTIVE_ARCH = YES;
				SDKROOT = iphoneos;
				SWIFT_OPTIMIZATION_LEVEL = "-Onone";
			};
			name = Debug;
		};
		18685DA81D0AD0A200BCAE10 /* Release */ = {
			isa = XCBuildConfiguration;
			buildSettings = {
				ALWAYS_SEARCH_USER_PATHS = NO;
				CLANG_CXX_LANGUAGE_STANDARD = "gnu++0x";
				CLANG_CXX_LIBRARY = "libc++";
				CLANG_ENABLE_MODULES = YES;
				CLANG_ENABLE_OBJC_ARC = YES;
				CLANG_WARN_BOOL_CONVERSION = YES;
				CLANG_WARN_CONSTANT_CONVERSION = YES;
				CLANG_WARN_DIRECT_OBJC_ISA_USAGE = YES_ERROR;
				CLANG_WARN_EMPTY_BODY = YES;
				CLANG_WARN_ENUM_CONVERSION = YES;
				CLANG_WARN_INT_CONVERSION = YES;
				CLANG_WARN_OBJC_ROOT_CLASS = YES_ERROR;
				CLANG_WARN_UNREACHABLE_CODE = YES;
				CLANG_WARN__DUPLICATE_METHOD_MATCH = YES;
				"CODE_SIGN_IDENTITY[sdk=iphoneos*]" = "iPhone Developer";
				COPY_PHASE_STRIP = NO;
				DEBUG_INFORMATION_FORMAT = "dwarf-with-dsym";
				ENABLE_NS_ASSERTIONS = NO;
				ENABLE_STRICT_OBJC_MSGSEND = YES;
				GCC_C_LANGUAGE_STANDARD = gnu99;
				GCC_NO_COMMON_BLOCKS = YES;
				GCC_WARN_64_TO_32_BIT_CONVERSION = YES;
				GCC_WARN_ABOUT_RETURN_TYPE = YES_ERROR;
				GCC_WARN_UNDECLARED_SELECTOR = YES;
				GCC_WARN_UNINITIALIZED_AUTOS = YES_AGGRESSIVE;
				GCC_WARN_UNUSED_FUNCTION = YES;
				GCC_WARN_UNUSED_VARIABLE = YES;
				IPHONEOS_DEPLOYMENT_TARGET = 8.1;
				MTL_ENABLE_DEBUG_INFO = NO;
				SDKROOT = iphoneos;
				VALIDATE_PRODUCT = YES;
			};
			name = Release;
		};
		18685DAA1D0AD0A200BCAE10 /* Debug */ = {
			isa = XCBuildConfiguration;
			buildSettings = {
				ALWAYS_EMBED_SWIFT_STANDARD_LIBRARIES = YES;
				ASSETCATALOG_COMPILER_APPICON_NAME = AppIcon;
				CODE_SIGN_IDENTITY = "iPhone Developer";
				"CODE_SIGN_IDENTITY[sdk=iphoneos*]" = "iPhone Developer";
				EMBEDDED_CONTENT_CONTAINS_SWIFT = YES;
				INFOPLIST_FILE = OctGame/Info.plist;
				IPHONEOS_DEPLOYMENT_TARGET = 8.1;
				LD_RUNPATH_SEARCH_PATHS = "$(inherited) @executable_path/Frameworks";
				PRODUCT_BUNDLE_IDENTIFIER = online.octopus.octgame;
				PRODUCT_NAME = "$(TARGET_NAME)";
				PROVISIONING_PROFILE = "";
				SWIFT_VERSION = 2.3;
			};
			name = Debug;
		};
		18685DAB1D0AD0A200BCAE10 /* Release */ = {
			isa = XCBuildConfiguration;
			buildSettings = {
				ALWAYS_EMBED_SWIFT_STANDARD_LIBRARIES = YES;
				ASSETCATALOG_COMPILER_APPICON_NAME = AppIcon;
				CODE_SIGN_IDENTITY = "iPhone Developer";
				"CODE_SIGN_IDENTITY[sdk=iphoneos*]" = "iPhone Developer";
				EMBEDDED_CONTENT_CONTAINS_SWIFT = YES;
				INFOPLIST_FILE = OctGame/Info.plist;
				IPHONEOS_DEPLOYMENT_TARGET = 8.1;
				LD_RUNPATH_SEARCH_PATHS = "$(inherited) @executable_path/Frameworks";
				PRODUCT_BUNDLE_IDENTIFIER = online.octopus.octgame;
				PRODUCT_NAME = "$(TARGET_NAME)";
				PROVISIONING_PROFILE = "";
				SWIFT_VERSION = 2.3;
			};
			name = Release;
		};
/* End XCBuildConfiguration section */

/* Begin XCConfigurationList section */
		18685D8E1D0AD0A200BCAE10 /* Build configuration list for PBXProject "OctGame" */ = {
			isa = XCConfigurationList;
			buildConfigurations = (
				18685DA71D0AD0A200BCAE10 /* Debug */,
				18685DA81D0AD0A200BCAE10 /* Release */,
			);
			defaultConfigurationIsVisible = 0;
			defaultConfigurationName = Release;
		};
		18685DA91D0AD0A200BCAE10 /* Build configuration list for PBXNativeTarget "OctGame" */ = {
			isa = XCConfigurationList;
			buildConfigurations = (
				18685DAA1D0AD0A200BCAE10 /* Debug */,
				18685DAB1D0AD0A200BCAE10 /* Release */,
			);
			defaultConfigurationIsVisible = 0;
			defaultConfigurationName = Release;
		};
/* End XCConfigurationList section */
	};
	rootObject = 18685D8B1D0AD0A200BCAE10 /* Project object */;
}
